// !$*UTF8*$!
{
	archiveVersion = 1;
	classes = {
	};
	objectVersion = 55;
	objects = {

/* Begin PBXBuildFile section */
		FA27617628128785003E3663 /* CoffeeMenuViewController.swift in Sources */ = {isa = PBXBuildFile; fileRef = FA27617528128785003E3663 /* CoffeeMenuViewController.swift */; };
		FA27617828128AC7003E3663 /* CoffeeMenuTableViewCell.swift in Sources */ = {isa = PBXBuildFile; fileRef = FA27617728128AC7003E3663 /* CoffeeMenuTableViewCell.swift */; };
		FA27617A2812965D003E3663 /* DetailCoffeeMenuViewController.swift in Sources */ = {isa = PBXBuildFile; fileRef = FA2761792812965D003E3663 /* DetailCoffeeMenuViewController.swift */; };
		FA27617C2812D9C8003E3663 /* OptionMenuViewController.swift in Sources */ = {isa = PBXBuildFile; fileRef = FA27617B2812D9C8003E3663 /* OptionMenuViewController.swift */; };
		FA27617E2812F772003E3663 /* Cart.swift in Sources */ = {isa = PBXBuildFile; fileRef = FA27617D2812F772003E3663 /* Cart.swift */; };
		FA2761802812FACC003E3663 /* PayViewController.swift in Sources */ = {isa = PBXBuildFile; fileRef = FA27617F2812FACC003E3663 /* PayViewController.swift */; };
		FA2761842813022D003E3663 /* CartTableViewCell.swift in Sources */ = {isa = PBXBuildFile; fileRef = FA2761832813022C003E3663 /* CartTableViewCell.swift */; };
		FA3914F928106F1900154DFC /* StoreViewController.swift in Sources */ = {isa = PBXBuildFile; fileRef = FA3914F828106F1900154DFC /* StoreViewController.swift */; };
		FA3BACCC2812736100988570 /* MenuViewController.swift in Sources */ = {isa = PBXBuildFile; fileRef = FA3BACCB2812736100988570 /* MenuViewController.swift */; };
		FA443F03281191030075E945 /* StorePopUpViewController.swift in Sources */ = {isa = PBXBuildFile; fileRef = FA443F01281191030075E945 /* StorePopUpViewController.swift */; };
		FADFB4A1280EE63700A99DDB /* AppDelegate.swift in Sources */ = {isa = PBXBuildFile; fileRef = FADFB4A0280EE63700A99DDB /* AppDelegate.swift */; };
		FADFB4A3280EE63700A99DDB /* SceneDelegate.swift in Sources */ = {isa = PBXBuildFile; fileRef = FADFB4A2280EE63700A99DDB /* SceneDelegate.swift */; };
		FADFB4A5280EE63700A99DDB /* HomeViewController.swift in Sources */ = {isa = PBXBuildFile; fileRef = FADFB4A4280EE63700A99DDB /* HomeViewController.swift */; };
		FADFB4A8280EE63700A99DDB /* HomeViewController.storyboard in Resources */ = {isa = PBXBuildFile; fileRef = FADFB4A6280EE63700A99DDB /* HomeViewController.storyboard */; };
		FADFB4AA280EE63800A99DDB /* Assets.xcassets in Resources */ = {isa = PBXBuildFile; fileRef = FADFB4A9280EE63800A99DDB /* Assets.xcassets */; };
		FADFB4AD280EE63800A99DDB /* LaunchScreen.storyboard in Resources */ = {isa = PBXBuildFile; fileRef = FADFB4AB280EE63800A99DDB /* LaunchScreen.storyboard */; };
		FADFB4B8280F1BB500A99DDB /* BarcodeViewController.swift in Sources */ = {isa = PBXBuildFile; fileRef = FADFB4B6280F1BB500A99DDB /* BarcodeViewController.swift */; };
		FADFB4B9280F1BB500A99DDB /* BarcodeViewController.xib in Resources */ = {isa = PBXBuildFile; fileRef = FADFB4B7280F1BB500A99DDB /* BarcodeViewController.xib */; };
		FADFB4BC280F20B800A99DDB /* PopUpViewController.swift in Sources */ = {isa = PBXBuildFile; fileRef = FADFB4BA280F20B800A99DDB /* PopUpViewController.swift */; };
		FADFB4BD280F20B800A99DDB /* PopUpViewController.xib in Resources */ = {isa = PBXBuildFile; fileRef = FADFB4BB280F20B800A99DDB /* PopUpViewController.xib */; };
/* End PBXBuildFile section */

/* Begin PBXFileReference section */
		FA27617528128785003E3663 /* CoffeeMenuViewController.swift */ = {isa = PBXFileReference; lastKnownFileType = sourcecode.swift; path = CoffeeMenuViewController.swift; sourceTree = "<group>"; };
		FA27617728128AC7003E3663 /* CoffeeMenuTableViewCell.swift */ = {isa = PBXFileReference; lastKnownFileType = sourcecode.swift; path = CoffeeMenuTableViewCell.swift; sourceTree = "<group>"; };
		FA2761792812965D003E3663 /* DetailCoffeeMenuViewController.swift */ = {isa = PBXFileReference; lastKnownFileType = sourcecode.swift; path = DetailCoffeeMenuViewController.swift; sourceTree = "<group>"; };
		FA27617B2812D9C8003E3663 /* OptionMenuViewController.swift */ = {isa = PBXFileReference; lastKnownFileType = sourcecode.swift; path = OptionMenuViewController.swift; sourceTree = "<group>"; };
		FA27617D2812F772003E3663 /* Cart.swift */ = {isa = PBXFileReference; lastKnownFileType = sourcecode.swift; path = Cart.swift; sourceTree = "<group>"; };
		FA27617F2812FACC003E3663 /* PayViewController.swift */ = {isa = PBXFileReference; lastKnownFileType = sourcecode.swift; name = PayViewController.swift; path = PalksCoffee/Controller/PayViewController.swift; sourceTree = SOURCE_ROOT; };
		FA2761832813022C003E3663 /* CartTableViewCell.swift */ = {isa = PBXFileReference; lastKnownFileType = sourcecode.swift; path = CartTableViewCell.swift; sourceTree = "<group>"; };
		FA3914F828106F1900154DFC /* StoreViewController.swift */ = {isa = PBXFileReference; fileEncoding = 4; lastKnownFileType = sourcecode.swift; path = StoreViewController.swift; sourceTree = "<group>"; };
		FA3BACCB2812736100988570 /* MenuViewController.swift */ = {isa = PBXFileReference; lastKnownFileType = sourcecode.swift; path = MenuViewController.swift; sourceTree = "<group>"; };
		FA443F01281191030075E945 /* StorePopUpViewController.swift */ = {isa = PBXFileReference; lastKnownFileType = sourcecode.swift; path = StorePopUpViewController.swift; sourceTree = "<group>"; };
		FADFB49D280EE63700A99DDB /* PalksCoffee.app */ = {isa = PBXFileReference; explicitFileType = wrapper.application; includeInIndex = 0; path = PalksCoffee.app; sourceTree = BUILT_PRODUCTS_DIR; };
		FADFB4A0280EE63700A99DDB /* AppDelegate.swift */ = {isa = PBXFileReference; lastKnownFileType = sourcecode.swift; path = AppDelegate.swift; sourceTree = "<group>"; };
		FADFB4A2280EE63700A99DDB /* SceneDelegate.swift */ = {isa = PBXFileReference; lastKnownFileType = sourcecode.swift; path = SceneDelegate.swift; sourceTree = "<group>"; };
		FADFB4A4280EE63700A99DDB /* HomeViewController.swift */ = {isa = PBXFileReference; lastKnownFileType = sourcecode.swift; path = HomeViewController.swift; sourceTree = "<group>"; };
		FADFB4A7280EE63700A99DDB /* Base */ = {isa = PBXFileReference; lastKnownFileType = file.storyboard; name = Base; path = Base.lproj/HomeViewController.storyboard; sourceTree = "<group>"; };
		FADFB4A9280EE63800A99DDB /* Assets.xcassets */ = {isa = PBXFileReference; lastKnownFileType = folder.assetcatalog; path = Assets.xcassets; sourceTree = "<group>"; };
		FADFB4AC280EE63800A99DDB /* Base */ = {isa = PBXFileReference; lastKnownFileType = file.storyboard; name = Base; path = Base.lproj/LaunchScreen.storyboard; sourceTree = "<group>"; };
		FADFB4AE280EE63800A99DDB /* Info.plist */ = {isa = PBXFileReference; lastKnownFileType = text.plist.xml; path = Info.plist; sourceTree = "<group>"; };
		FADFB4B6280F1BB500A99DDB /* BarcodeViewController.swift */ = {isa = PBXFileReference; lastKnownFileType = sourcecode.swift; path = BarcodeViewController.swift; sourceTree = "<group>"; };
		FADFB4B7280F1BB500A99DDB /* BarcodeViewController.xib */ = {isa = PBXFileReference; lastKnownFileType = file.xib; path = BarcodeViewController.xib; sourceTree = "<group>"; };
		FADFB4BA280F20B800A99DDB /* PopUpViewController.swift */ = {isa = PBXFileReference; lastKnownFileType = sourcecode.swift; path = PopUpViewController.swift; sourceTree = "<group>"; };
		FADFB4BB280F20B800A99DDB /* PopUpViewController.xib */ = {isa = PBXFileReference; lastKnownFileType = file.xib; path = PopUpViewController.xib; sourceTree = "<group>"; };
/* End PBXFileReference section */

/* Begin PBXFrameworksBuildPhase section */
		FADFB49A280EE63700A99DDB /* Frameworks */ = {
			isa = PBXFrameworksBuildPhase;
			buildActionMask = 2147483647;
			files = (
			);
			runOnlyForDeploymentPostprocessing = 0;
		};
/* End PBXFrameworksBuildPhase section */

/* Begin PBXGroup section */
		FA276181281301FD003E3663 /* Model */ = {
			isa = PBXGroup;
			children = (
				FA27617D2812F772003E3663 /* Cart.swift */,
			);
			path = Model;
			sourceTree = "<group>";
		};
		FA27618228130214003E3663 /* Cell */ = {
			isa = PBXGroup;
			children = (
				FA27617728128AC7003E3663 /* CoffeeMenuTableViewCell.swift */,
				FA2761832813022C003E3663 /* CartTableViewCell.swift */,
			);
			path = Cell;
			sourceTree = "<group>";
		};
		FA2761852813089E003E3663 /* PopUp */ = {
			isa = PBXGroup;
			children = (
				FADFB4BB280F20B800A99DDB /* PopUpViewController.xib */,
				FADFB4B7280F1BB500A99DDB /* BarcodeViewController.xib */,
			);
			path = PopUp;
			sourceTree = "<group>";
		};
		FA276186281321B3003E3663 /* PopUp */ = {
			isa = PBXGroup;
			children = (
				FADFB4BA280F20B800A99DDB /* PopUpViewController.swift */,
				FADFB4B6280F1BB500A99DDB /* BarcodeViewController.swift */,
				FA443F01281191030075E945 /* StorePopUpViewController.swift */,
			);
			path = PopUp;
			sourceTree = "<group>";
		};
		FA3BACCD281286CF00988570 /* Menu */ = {
			isa = PBXGroup;
			children = (
				FA3BACCB2812736100988570 /* MenuViewController.swift */,
				FA27617528128785003E3663 /* CoffeeMenuViewController.swift */,
				FA2761792812965D003E3663 /* DetailCoffeeMenuViewController.swift */,
				FA27617B2812D9C8003E3663 /* OptionMenuViewController.swift */,
			);
			path = Menu;
			sourceTree = "<group>";
		};
		FADFB494280EE63700A99DDB = {
			isa = PBXGroup;
			children = (
				FADFB49F280EE63700A99DDB /* PalksCoffee */,
				FADFB49E280EE63700A99DDB /* Products */,
			);
			sourceTree = "<group>";
		};
		FADFB49E280EE63700A99DDB /* Products */ = {
			isa = PBXGroup;
			children = (
				FADFB49D280EE63700A99DDB /* PalksCoffee.app */,
			);
			name = Products;
			sourceTree = "<group>";
		};
		FADFB49F280EE63700A99DDB /* PalksCoffee */ = {
			isa = PBXGroup;
			children = (
				FA276181281301FD003E3663 /* Model */,
				FADFB4B4280F1AA700A99DDB /* View */,
				FADFB4B5280F1AAE00A99DDB /* Controller */,
				FADFB4A0280EE63700A99DDB /* AppDelegate.swift */,
				FADFB4A2280EE63700A99DDB /* SceneDelegate.swift */,
				FADFB4A9280EE63800A99DDB /* Assets.xcassets */,
				FADFB4AB280EE63800A99DDB /* LaunchScreen.storyboard */,
				FADFB4AE280EE63800A99DDB /* Info.plist */,
			);
			path = PalksCoffee;
			sourceTree = "<group>";
		};
		FADFB4B4280F1AA700A99DDB /* View */ = {
			isa = PBXGroup;
			children = (
				FADFB4A6280EE63700A99DDB /* HomeViewController.storyboard */,
				FA2761852813089E003E3663 /* PopUp */,
				FA27618228130214003E3663 /* Cell */,
			);
			path = View;
			sourceTree = "<group>";
		};
		FADFB4B5280F1AAE00A99DDB /* Controller */ = {
			isa = PBXGroup;
			children = (
				FADFB4A4280EE63700A99DDB /* HomeViewController.swift */,
				FA3914F828106F1900154DFC /* StoreViewController.swift */,
				FA27617F2812FACC003E3663 /* PayViewController.swift */,
				FA3BACCD281286CF00988570 /* Menu */,
				FA276186281321B3003E3663 /* PopUp */,
			);
			path = Controller;
			sourceTree = "<group>";
		};
/* End PBXGroup section */

/* Begin PBXNativeTarget section */
		FADFB49C280EE63700A99DDB /* PalksCoffee */ = {
			isa = PBXNativeTarget;
			buildConfigurationList = FADFB4B1280EE63800A99DDB /* Build configuration list for PBXNativeTarget "PalksCoffee" */;
			buildPhases = (
				FADFB499280EE63700A99DDB /* Sources */,
				FADFB49A280EE63700A99DDB /* Frameworks */,
				FADFB49B280EE63700A99DDB /* Resources */,
			);
			buildRules = (
			);
			dependencies = (
			);
			name = PalksCoffee;
			productName = PalksCoffee;
			productReference = FADFB49D280EE63700A99DDB /* PalksCoffee.app */;
			productType = "com.apple.product-type.application";
		};
/* End PBXNativeTarget section */

/* Begin PBXProject section */
		FADFB495280EE63700A99DDB /* Project object */ = {
			isa = PBXProject;
			attributes = {
				BuildIndependentTargetsInParallel = 1;
				LastSwiftUpdateCheck = 1310;
				LastUpgradeCheck = 1310;
				TargetAttributes = {
					FADFB49C280EE63700A99DDB = {
						CreatedOnToolsVersion = 13.1;
					};
				};
			};
			buildConfigurationList = FADFB498280EE63700A99DDB /* Build configuration list for PBXProject "PalksCoffee" */;
			compatibilityVersion = "Xcode 13.0";
			developmentRegion = en;
			hasScannedForEncodings = 0;
			knownRegions = (
				en,
				Base,
			);
			mainGroup = FADFB494280EE63700A99DDB;
			productRefGroup = FADFB49E280EE63700A99DDB /* Products */;
			projectDirPath = "";
			projectRoot = "";
			targets = (
				FADFB49C280EE63700A99DDB /* PalksCoffee */,
			);
		};
/* End PBXProject section */

/* Begin PBXResourcesBuildPhase section */
		FADFB49B280EE63700A99DDB /* Resources */ = {
			isa = PBXResourcesBuildPhase;
			buildActionMask = 2147483647;
			files = (
				FADFB4AD280EE63800A99DDB /* LaunchScreen.storyboard in Resources */,
				FADFB4BD280F20B800A99DDB /* PopUpViewController.xib in Resources */,
				FADFB4B9280F1BB500A99DDB /* BarcodeViewController.xib in Resources */,
				FADFB4AA280EE63800A99DDB /* Assets.xcassets in Resources */,
				FADFB4A8280EE63700A99DDB /* HomeViewController.storyboard in Resources */,
			);
			runOnlyForDeploymentPostprocessing = 0;
		};
/* End PBXResourcesBuildPhase section */

/* Begin PBXSourcesBuildPhase section */
		FADFB499280EE63700A99DDB /* Sources */ = {
			isa = PBXSourcesBuildPhase;
			buildActionMask = 2147483647;
			files = (
				FADFB4BC280F20B800A99DDB /* PopUpViewController.swift in Sources */,
				FA2761802812FACC003E3663 /* PayViewController.swift in Sources */,
				FA3BACCC2812736100988570 /* MenuViewController.swift in Sources */,
				FA27617C2812D9C8003E3663 /* OptionMenuViewController.swift in Sources */,
				FADFB4A5280EE63700A99DDB /* HomeViewController.swift in Sources */,
				FA443F03281191030075E945 /* StorePopUpViewController.swift in Sources */,
				FA27617828128AC7003E3663 /* CoffeeMenuTableViewCell.swift in Sources */,
				FA3914F928106F1900154DFC /* StoreViewController.swift in Sources */,
				FADFB4B8280F1BB500A99DDB /* BarcodeViewController.swift in Sources */,
				FA27617628128785003E3663 /* CoffeeMenuViewController.swift in Sources */,
				FA27617E2812F772003E3663 /* Cart.swift in Sources */,
				FA27617A2812965D003E3663 /* DetailCoffeeMenuViewController.swift in Sources */,
				FA2761842813022D003E3663 /* CartTableViewCell.swift in Sources */,
				FADFB4A1280EE63700A99DDB /* AppDelegate.swift in Sources */,
				FADFB4A3280EE63700A99DDB /* SceneDelegate.swift in Sources */,
			);
			runOnlyForDeploymentPostprocessing = 0;
		};
/* End PBXSourcesBuildPhase section */

/* Begin PBXVariantGroup section */
		FADFB4A6280EE63700A99DDB /* HomeViewController.storyboard */ = {
			isa = PBXVariantGroup;
			children = (
				FADFB4A7280EE63700A99DDB /* Base */,
			);
			name = HomeViewController.storyboard;
			sourceTree = "<group>";
		};
		FADFB4AB280EE63800A99DDB /* LaunchScreen.storyboard */ = {
			isa = PBXVariantGroup;
			children = (
				FADFB4AC280EE63800A99DDB /* Base */,
			);
			name = LaunchScreen.storyboard;
			sourceTree = "<group>";
		};
/* End PBXVariantGroup section */

/* Begin XCBuildConfiguration section */
		FADFB4AF280EE63800A99DDB /* Debug */ = {
			isa = XCBuildConfiguration;
			buildSettings = {
				ALWAYS_SEARCH_USER_PATHS = NO;
				CLANG_ANALYZER_NONNULL = YES;
				CLANG_ANALYZER_NUMBER_OBJECT_CONVERSION = YES_AGGRESSIVE;
				CLANG_CXX_LANGUAGE_STANDARD = "gnu++17";
				CLANG_CXX_LIBRARY = "libc++";
				CLANG_ENABLE_MODULES = YES;
				CLANG_ENABLE_OBJC_ARC = YES;
				CLANG_ENABLE_OBJC_WEAK = YES;
				CLANG_WARN_BLOCK_CAPTURE_AUTORELEASING = YES;
				CLANG_WARN_BOOL_CONVERSION = YES;
				CLANG_WARN_COMMA = YES;
				CLANG_WARN_CONSTANT_CONVERSION = YES;
				CLANG_WARN_DEPRECATED_OBJC_IMPLEMENTATIONS = YES;
				CLANG_WARN_DIRECT_OBJC_ISA_USAGE = YES_ERROR;
				CLANG_WARN_DOCUMENTATION_COMMENTS = YES;
				CLANG_WARN_EMPTY_BODY = YES;
				CLANG_WARN_ENUM_CONVERSION = YES;
				CLANG_WARN_INFINITE_RECURSION = YES;
				CLANG_WARN_INT_CONVERSION = YES;
				CLANG_WARN_NON_LITERAL_NULL_CONVERSION = YES;
				CLANG_WARN_OBJC_IMPLICIT_RETAIN_SELF = YES;
				CLANG_WARN_OBJC_LITERAL_CONVERSION = YES;
				CLANG_WARN_OBJC_ROOT_CLASS = YES_ERROR;
				CLANG_WARN_QUOTED_INCLUDE_IN_FRAMEWORK_HEADER = YES;
				CLANG_WARN_RANGE_LOOP_ANALYSIS = YES;
				CLANG_WARN_STRICT_PROTOTYPES = YES;
				CLANG_WARN_SUSPICIOUS_MOVE = YES;
				CLANG_WARN_UNGUARDED_AVAILABILITY = YES_AGGRESSIVE;
				CLANG_WARN_UNREACHABLE_CODE = YES;
				CLANG_WARN__DUPLICATE_METHOD_MATCH = YES;
				COPY_PHASE_STRIP = NO;
				DEBUG_INFORMATION_FORMAT = dwarf;
				ENABLE_STRICT_OBJC_MSGSEND = YES;
				ENABLE_TESTABILITY = YES;
				GCC_C_LANGUAGE_STANDARD = gnu11;
				GCC_DYNAMIC_NO_PIC = NO;
				GCC_NO_COMMON_BLOCKS = YES;
				GCC_OPTIMIZATION_LEVEL = 0;
				GCC_PREPROCESSOR_DEFINITIONS = (
					"DEBUG=1",
					"$(inherited)",
				);
				GCC_WARN_64_TO_32_BIT_CONVERSION = YES;
				GCC_WARN_ABOUT_RETURN_TYPE = YES_ERROR;
				GCC_WARN_UNDECLARED_SELECTOR = YES;
				GCC_WARN_UNINITIALIZED_AUTOS = YES_AGGRESSIVE;
				GCC_WARN_UNUSED_FUNCTION = YES;
				GCC_WARN_UNUSED_VARIABLE = YES;
				IPHONEOS_DEPLOYMENT_TARGET = 15.0;
				MTL_ENABLE_DEBUG_INFO = INCLUDE_SOURCE;
				MTL_FAST_MATH = YES;
				ONLY_ACTIVE_ARCH = YES;
				SDKROOT = iphoneos;
				SWIFT_ACTIVE_COMPILATION_CONDITIONS = DEBUG;
				SWIFT_OPTIMIZATION_LEVEL = "-Onone";
			};
			name = Debug;
		};
		FADFB4B0280EE63800A99DDB /* Release */ = {
			isa = XCBuildConfiguration;
			buildSettings = {
				ALWAYS_SEARCH_USER_PATHS = NO;
				CLANG_ANALYZER_NONNULL = YES;
				CLANG_ANALYZER_NUMBER_OBJECT_CONVERSION = YES_AGGRESSIVE;
				CLANG_CXX_LANGUAGE_STANDARD = "gnu++17";
				CLANG_CXX_LIBRARY = "libc++";
				CLANG_ENABLE_MODULES = YES;
				CLANG_ENABLE_OBJC_ARC = YES;
				CLANG_ENABLE_OBJC_WEAK = YES;
				CLANG_WARN_BLOCK_CAPTURE_AUTORELEASING = YES;
				CLANG_WARN_BOOL_CONVERSION = YES;
				CLANG_WARN_COMMA = YES;
				CLANG_WARN_CONSTANT_CONVERSION = YES;
				CLANG_WARN_DEPRECATED_OBJC_IMPLEMENTATIONS = YES;
				CLANG_WARN_DIRECT_OBJC_ISA_USAGE = YES_ERROR;
				CLANG_WARN_DOCUMENTATION_COMMENTS = YES;
				CLANG_WARN_EMPTY_BODY = YES;
				CLANG_WARN_ENUM_CONVERSION = YES;
				CLANG_WARN_INFINITE_RECURSION = YES;
				CLANG_WARN_INT_CONVERSION = YES;
				CLANG_WARN_NON_LITERAL_NULL_CONVERSION = YES;
				CLANG_WARN_OBJC_IMPLICIT_RETAIN_SELF = YES;
				CLANG_WARN_OBJC_LITERAL_CONVERSION = YES;
				CLANG_WARN_OBJC_ROOT_CLASS = YES_ERROR;
				CLANG_WARN_QUOTED_INCLUDE_IN_FRAMEWORK_HEADER = YES;
				CLANG_WARN_RANGE_LOOP_ANALYSIS = YES;
				CLANG_WARN_STRICT_PROTOTYPES = YES;
				CLANG_WARN_SUSPICIOUS_MOVE = YES;
				CLANG_WARN_UNGUARDED_AVAILABILITY = YES_AGGRESSIVE;
				CLANG_WARN_UNREACHABLE_CODE = YES;
				CLANG_WARN__DUPLICATE_METHOD_MATCH = YES;
				COPY_PHASE_STRIP = NO;
				DEBUG_INFORMATION_FORMAT = "dwarf-with-dsym";
				ENABLE_NS_ASSERTIONS = NO;
				ENABLE_STRICT_OBJC_MSGSEND = YES;
				GCC_C_LANGUAGE_STANDARD = gnu11;
				GCC_NO_COMMON_BLOCKS = YES;
				GCC_WARN_64_TO_32_BIT_CONVERSION = YES;
				GCC_WARN_ABOUT_RETURN_TYPE = YES_ERROR;
				GCC_WARN_UNDECLARED_SELECTOR = YES;
				GCC_WARN_UNINITIALIZED_AUTOS = YES_AGGRESSIVE;
				GCC_WARN_UNUSED_FUNCTION = YES;
				GCC_WARN_UNUSED_VARIABLE = YES;
				IPHONEOS_DEPLOYMENT_TARGET = 15.0;
				MTL_ENABLE_DEBUG_INFO = NO;
				MTL_FAST_MATH = YES;
				SDKROOT = iphoneos;
				SWIFT_COMPILATION_MODE = wholemodule;
				SWIFT_OPTIMIZATION_LEVEL = "-O";
				VALIDATE_PRODUCT = YES;
			};
			name = Release;
		};
		FADFB4B2280EE63800A99DDB /* Debug */ = {
			isa = XCBuildConfiguration;
			buildSettings = {
				ASSETCATALOG_COMPILER_APPICON_NAME = AppIcon;
				ASSETCATALOG_COMPILER_GLOBAL_ACCENT_COLOR_NAME = AccentColor;
				CODE_SIGN_STYLE = Automatic;
				CURRENT_PROJECT_VERSION = 1;
				GENERATE_INFOPLIST_FILE = YES;
				INFOPLIST_FILE = PalksCoffee/Info.plist;
				INFOPLIST_KEY_UIApplicationSupportsIndirectInputEvents = YES;
				INFOPLIST_KEY_UILaunchStoryboardName = LaunchScreen;
				INFOPLIST_KEY_UIMainStoryboardFile = HomeViewController;
				INFOPLIST_KEY_UISupportedInterfaceOrientations_iPad = "UIInterfaceOrientationPortrait UIInterfaceOrientationPortraitUpsideDown UIInterfaceOrientationLandscapeLeft UIInterfaceOrientationLandscapeRight";
				INFOPLIST_KEY_UISupportedInterfaceOrientations_iPhone = "UIInterfaceOrientationPortrait UIInterfaceOrientationLandscapeLeft UIInterfaceOrientationLandscapeRight";
				LD_RUNPATH_SEARCH_PATHS = (
					"$(inherited)",
					"@executable_path/Frameworks",
				);
				MARKETING_VERSION = 1.0;
				PRODUCT_BUNDLE_IDENTIFIER = LimYoungSun.PalksCoffee;
				PRODUCT_NAME = "$(TARGET_NAME)";
				SWIFT_EMIT_LOC_STRINGS = YES;
				SWIFT_VERSION = 5.0;
				TARGETED_DEVICE_FAMILY = "1,2";
			};
			name = Debug;
		};
		FADFB4B3280EE63800A99DDB /* Release */ = {
			isa = XCBuildConfiguration;
			buildSettings = {
				ASSETCATALOG_COMPILER_APPICON_NAME = AppIcon;
				ASSETCATALOG_COMPILER_GLOBAL_ACCENT_COLOR_NAME = AccentColor;
				CODE_SIGN_STYLE = Automatic;
				CURRENT_PROJECT_VERSION = 1;
				GENERATE_INFOPLIST_FILE = YES;
				INFOPLIST_FILE = PalksCoffee/Info.plist;
				INFOPLIST_KEY_UIApplicationSupportsIndirectInputEvents = YES;
				INFOPLIST_KEY_UILaunchStoryboardName = LaunchScreen;
				INFOPLIST_KEY_UIMainStoryboardFile = HomeViewController;
				INFOPLIST_KEY_UISupportedInterfaceOrientations_iPad = "UIInterfaceOrientationPortrait UIInterfaceOrientationPortraitUpsideDown UIInterfaceOrientationLandscapeLeft UIInterfaceOrientationLandscapeRight";
				INFOPLIST_KEY_UISupportedInterfaceOrientations_iPhone = "UIInterfaceOrientationPortrait UIInterfaceOrientationLandscapeLeft UIInterfaceOrientationLandscapeRight";
				LD_RUNPATH_SEARCH_PATHS = (
					"$(inherited)",
					"@executable_path/Frameworks",
				);
				MARKETING_VERSION = 1.0;
				PRODUCT_BUNDLE_IDENTIFIER = LimYoungSun.PalksCoffee;
				PRODUCT_NAME = "$(TARGET_NAME)";
				SWIFT_EMIT_LOC_STRINGS = YES;
				SWIFT_VERSION = 5.0;
				TARGETED_DEVICE_FAMILY = "1,2";
			};
			name = Release;
		};
/* End XCBuildConfiguration section */

/* Begin XCConfigurationList section */
		FADFB498280EE63700A99DDB /* Build configuration list for PBXProject "PalksCoffee" */ = {
			isa = XCConfigurationList;
			buildConfigurations = (
				FADFB4AF280EE63800A99DDB /* Debug */,
				FADFB4B0280EE63800A99DDB /* Release */,
			);
			defaultConfigurationIsVisible = 0;
			defaultConfigurationName = Release;
		};
		FADFB4B1280EE63800A99DDB /* Build configuration list for PBXNativeTarget "PalksCoffee" */ = {
			isa = XCConfigurationList;
			buildConfigurations = (
				FADFB4B2280EE63800A99DDB /* Debug */,
				FADFB4B3280EE63800A99DDB /* Release */,
			);
			defaultConfigurationIsVisible = 0;
			defaultConfigurationName = Release;
		};
/* End XCConfigurationList section */
	};
	rootObject = FADFB495280EE63700A99DDB /* Project object */;
}
