// !$*UTF8*$!
{
	archiveVersion = 1;
	classes = {
	};
	objectVersion = 55;
	objects = {

/* Begin PBXBuildFile section */
		FA0277CC2819A7B100555739 /* TransactionModel.swift in Sources */ = {isa = PBXBuildFile; fileRef = FA0277CB2819A7B100555739 /* TransactionModel.swift */; };
		FA3016A8281C3F7A0054F8A1 /* FirstFoodViewController.swift in Sources */ = {isa = PBXBuildFile; fileRef = FA3016A7281C3F7A0054F8A1 /* FirstFoodViewController.swift */; };
		FA3016AA281C3F8E0054F8A1 /* SecondFoodViewController.swift in Sources */ = {isa = PBXBuildFile; fileRef = FA3016A9281C3F8E0054F8A1 /* SecondFoodViewController.swift */; };
		FA3016AD281C40B60054F8A1 /* FirstFoodTableViewCell.swift in Sources */ = {isa = PBXBuildFile; fileRef = FA3016AB281C40B60054F8A1 /* FirstFoodTableViewCell.swift */; };
		FA3016AE281C40B60054F8A1 /* FirstFoodTableViewCell.xib in Resources */ = {isa = PBXBuildFile; fileRef = FA3016AC281C40B60054F8A1 /* FirstFoodTableViewCell.xib */; };
		FA3016B1281C40C10054F8A1 /* SecondFoodTableViewCell.swift in Sources */ = {isa = PBXBuildFile; fileRef = FA3016AF281C40C10054F8A1 /* SecondFoodTableViewCell.swift */; };
		FA3016B2281C40C10054F8A1 /* SecondFoodTableViewCell.xib in Resources */ = {isa = PBXBuildFile; fileRef = FA3016B0281C40C10054F8A1 /* SecondFoodTableViewCell.xib */; };
		FA31EF62281C123B00EE3DFC /* DetailTransactionViewController.swift in Sources */ = {isa = PBXBuildFile; fileRef = FA31EF60281C123B00EE3DFC /* DetailTransactionViewController.swift */; };
		FA31EF63281C123B00EE3DFC /* DetailTransactionViewController.xib in Resources */ = {isa = PBXBuildFile; fileRef = FA31EF61281C123B00EE3DFC /* DetailTransactionViewController.xib */; };
		FA359459281C4C4B007F13B5 /* NearMenuCollectionViewCell.swift in Sources */ = {isa = PBXBuildFile; fileRef = FA359457281C4C4B007F13B5 /* NearMenuCollectionViewCell.swift */; };
		FA35945A281C4C4B007F13B5 /* NearMenuCollectionViewCell.xib in Resources */ = {isa = PBXBuildFile; fileRef = FA359458281C4C4B007F13B5 /* NearMenuCollectionViewCell.xib */; };
		FA3C255A281959E6004BDCA3 /* HomeTableViewCell.swift in Sources */ = {isa = PBXBuildFile; fileRef = FA3C2558281959E6004BDCA3 /* HomeTableViewCell.swift */; };
		FA3C255B281959E6004BDCA3 /* HomeTableViewCell.xib in Resources */ = {isa = PBXBuildFile; fileRef = FA3C2559281959E6004BDCA3 /* HomeTableViewCell.xib */; };
		FA3D4170281B9C5F007E2CEE /* SettingHeaderView.swift in Sources */ = {isa = PBXBuildFile; fileRef = FA3D416F281B9C5E007E2CEE /* SettingHeaderView.swift */; };
		FA3D4172281BB655007E2CEE /* DashedLineView.swift in Sources */ = {isa = PBXBuildFile; fileRef = FA3D4171281BB655007E2CEE /* DashedLineView.swift */; };
		FA3D4175281BB916007E2CEE /* ChatTableViewCell.swift in Sources */ = {isa = PBXBuildFile; fileRef = FA3D4173281BB916007E2CEE /* ChatTableViewCell.swift */; };
		FA3D4176281BB916007E2CEE /* ChatTableViewCell.xib in Resources */ = {isa = PBXBuildFile; fileRef = FA3D4174281BB916007E2CEE /* ChatTableViewCell.xib */; };
		FA3D4178281BBB0E007E2CEE /* ChatViewController.swift in Sources */ = {isa = PBXBuildFile; fileRef = FA3D4177281BBB0E007E2CEE /* ChatViewController.swift */; };
		FA3D417A281BBC10007E2CEE /* ChatModel.swift in Sources */ = {isa = PBXBuildFile; fileRef = FA3D4179281BBC10007E2CEE /* ChatModel.swift */; };
		FA4370E7281C28BD0076991F /* PostModel.swift in Sources */ = {isa = PBXBuildFile; fileRef = FA4370E6281C28BD0076991F /* PostModel.swift */; };
		FA4370EA281C32730076991F /* Tabman in Frameworks */ = {isa = PBXBuildFile; productRef = FA4370E9281C32730076991F /* Tabman */; };
		FA4370EC281C36F60076991F /* TabManFoodViewController.swift in Sources */ = {isa = PBXBuildFile; fileRef = FA4370EB281C36F60076991F /* TabManFoodViewController.swift */; };
		FA4E1368281A802600F947CD /* CommunityMenuCollectionViewCell.swift in Sources */ = {isa = PBXBuildFile; fileRef = FA4E1366281A802600F947CD /* CommunityMenuCollectionViewCell.swift */; };
		FA4E1369281A802600F947CD /* CommunityMenuCollectionViewCell.xib in Resources */ = {isa = PBXBuildFile; fileRef = FA4E1367281A802600F947CD /* CommunityMenuCollectionViewCell.xib */; };
		FA4E136B281A81E400F947CD /* CommunityViewController.swift in Sources */ = {isa = PBXBuildFile; fileRef = FA4E136A281A81E400F947CD /* CommunityViewController.swift */; };
		FA4E1372281AB6E000F947CD /* CommunityPostTableViewCell.swift in Sources */ = {isa = PBXBuildFile; fileRef = FA4E1370281AB6E000F947CD /* CommunityPostTableViewCell.swift */; };
		FA4E1373281AB6E000F947CD /* CommunityPostTableViewCell.xib in Resources */ = {isa = PBXBuildFile; fileRef = FA4E1371281AB6E000F947CD /* CommunityPostTableViewCell.xib */; };
		FA4E1375281AE4E300F947CD /* SettingsViewController.swift in Sources */ = {isa = PBXBuildFile; fileRef = FA4E1374281AE4E300F947CD /* SettingsViewController.swift */; };
		FA4E137C281AE92700F947CD /* SettingTableViewCell.swift in Sources */ = {isa = PBXBuildFile; fileRef = FA4E137A281AE92700F947CD /* SettingTableViewCell.swift */; };
		FA4E137D281AE92700F947CD /* SettingTableViewCell.xib in Resources */ = {isa = PBXBuildFile; fileRef = FA4E137B281AE92700F947CD /* SettingTableViewCell.xib */; };
		FA4E1381281AED7C00F947CD /* SettingHeaderView.xib in Resources */ = {isa = PBXBuildFile; fileRef = FA4E1380281AED7C00F947CD /* SettingHeaderView.xib */; };
		FA61E86A281BE75A005CCD9A /* NearViewController.swift in Sources */ = {isa = PBXBuildFile; fileRef = FA61E869281BE75A005CCD9A /* NearViewController.swift */; };
		FA61E86D281BE8E3005CCD9A /* NearTagCollectionViewCell.swift in Sources */ = {isa = PBXBuildFile; fileRef = FA61E86B281BE8E3005CCD9A /* NearTagCollectionViewCell.swift */; };
		FA61E86E281BE8E3005CCD9A /* NearTagCollectionViewCell.xib in Resources */ = {isa = PBXBuildFile; fileRef = FA61E86C281BE8E3005CCD9A /* NearTagCollectionViewCell.xib */; };
		FA61E870281BFB7E005CCD9A /* TransactionViewController.swift in Sources */ = {isa = PBXBuildFile; fileRef = FA61E86F281BFB7E005CCD9A /* TransactionViewController.swift */; };
		FA79985F2816E35B00BE6B40 /* AppDelegate.swift in Sources */ = {isa = PBXBuildFile; fileRef = FA79985E2816E35B00BE6B40 /* AppDelegate.swift */; };
		FA7998612816E35B00BE6B40 /* SceneDelegate.swift in Sources */ = {isa = PBXBuildFile; fileRef = FA7998602816E35B00BE6B40 /* SceneDelegate.swift */; };
		FA7998632816E35B00BE6B40 /* HomeViewController.swift in Sources */ = {isa = PBXBuildFile; fileRef = FA7998622816E35B00BE6B40 /* HomeViewController.swift */; };
		FA7998662816E35B00BE6B40 /* Main.storyboard in Resources */ = {isa = PBXBuildFile; fileRef = FA7998642816E35B00BE6B40 /* Main.storyboard */; };
		FA7998682816E35B00BE6B40 /* Assets.xcassets in Resources */ = {isa = PBXBuildFile; fileRef = FA7998672816E35B00BE6B40 /* Assets.xcassets */; };
		FA79986B2816E35B00BE6B40 /* LaunchScreen.storyboard in Resources */ = {isa = PBXBuildFile; fileRef = FA7998692816E35B00BE6B40 /* LaunchScreen.storyboard */; };
/* End PBXBuildFile section */

/* Begin PBXFileReference section */
		FA0277CB2819A7B100555739 /* TransactionModel.swift */ = {isa = PBXFileReference; lastKnownFileType = sourcecode.swift; path = TransactionModel.swift; sourceTree = "<group>"; };
		FA3016A7281C3F7A0054F8A1 /* FirstFoodViewController.swift */ = {isa = PBXFileReference; lastKnownFileType = sourcecode.swift; path = FirstFoodViewController.swift; sourceTree = "<group>"; };
		FA3016A9281C3F8E0054F8A1 /* SecondFoodViewController.swift */ = {isa = PBXFileReference; lastKnownFileType = sourcecode.swift; path = SecondFoodViewController.swift; sourceTree = "<group>"; };
		FA3016AB281C40B60054F8A1 /* FirstFoodTableViewCell.swift */ = {isa = PBXFileReference; lastKnownFileType = sourcecode.swift; path = FirstFoodTableViewCell.swift; sourceTree = "<group>"; };
		FA3016AC281C40B60054F8A1 /* FirstFoodTableViewCell.xib */ = {isa = PBXFileReference; lastKnownFileType = file.xib; path = FirstFoodTableViewCell.xib; sourceTree = "<group>"; };
		FA3016AF281C40C10054F8A1 /* SecondFoodTableViewCell.swift */ = {isa = PBXFileReference; lastKnownFileType = sourcecode.swift; path = SecondFoodTableViewCell.swift; sourceTree = "<group>"; };
		FA3016B0281C40C10054F8A1 /* SecondFoodTableViewCell.xib */ = {isa = PBXFileReference; lastKnownFileType = file.xib; path = SecondFoodTableViewCell.xib; sourceTree = "<group>"; };
		FA31EF60281C123B00EE3DFC /* DetailTransactionViewController.swift */ = {isa = PBXFileReference; lastKnownFileType = sourcecode.swift; path = DetailTransactionViewController.swift; sourceTree = "<group>"; };
		FA31EF61281C123B00EE3DFC /* DetailTransactionViewController.xib */ = {isa = PBXFileReference; lastKnownFileType = file.xib; path = DetailTransactionViewController.xib; sourceTree = "<group>"; };
		FA359457281C4C4B007F13B5 /* NearMenuCollectionViewCell.swift */ = {isa = PBXFileReference; lastKnownFileType = sourcecode.swift; path = NearMenuCollectionViewCell.swift; sourceTree = "<group>"; };
		FA359458281C4C4B007F13B5 /* NearMenuCollectionViewCell.xib */ = {isa = PBXFileReference; lastKnownFileType = file.xib; path = NearMenuCollectionViewCell.xib; sourceTree = "<group>"; };
		FA3C2558281959E6004BDCA3 /* HomeTableViewCell.swift */ = {isa = PBXFileReference; lastKnownFileType = sourcecode.swift; path = HomeTableViewCell.swift; sourceTree = "<group>"; };
		FA3C2559281959E6004BDCA3 /* HomeTableViewCell.xib */ = {isa = PBXFileReference; lastKnownFileType = file.xib; path = HomeTableViewCell.xib; sourceTree = "<group>"; };
		FA3D416F281B9C5E007E2CEE /* SettingHeaderView.swift */ = {isa = PBXFileReference; lastKnownFileType = sourcecode.swift; path = SettingHeaderView.swift; sourceTree = "<group>"; };
		FA3D4171281BB655007E2CEE /* DashedLineView.swift */ = {isa = PBXFileReference; lastKnownFileType = sourcecode.swift; path = DashedLineView.swift; sourceTree = "<group>"; };
		FA3D4173281BB916007E2CEE /* ChatTableViewCell.swift */ = {isa = PBXFileReference; lastKnownFileType = sourcecode.swift; path = ChatTableViewCell.swift; sourceTree = "<group>"; };
		FA3D4174281BB916007E2CEE /* ChatTableViewCell.xib */ = {isa = PBXFileReference; lastKnownFileType = file.xib; path = ChatTableViewCell.xib; sourceTree = "<group>"; };
		FA3D4177281BBB0E007E2CEE /* ChatViewController.swift */ = {isa = PBXFileReference; lastKnownFileType = sourcecode.swift; path = ChatViewController.swift; sourceTree = "<group>"; };
		FA3D4179281BBC10007E2CEE /* ChatModel.swift */ = {isa = PBXFileReference; lastKnownFileType = sourcecode.swift; path = ChatModel.swift; sourceTree = "<group>"; };
		FA4370E6281C28BD0076991F /* PostModel.swift */ = {isa = PBXFileReference; lastKnownFileType = sourcecode.swift; path = PostModel.swift; sourceTree = "<group>"; };
		FA4370EB281C36F60076991F /* TabManFoodViewController.swift */ = {isa = PBXFileReference; lastKnownFileType = sourcecode.swift; path = TabManFoodViewController.swift; sourceTree = "<group>"; };
		FA4E1366281A802600F947CD /* CommunityMenuCollectionViewCell.swift */ = {isa = PBXFileReference; lastKnownFileType = sourcecode.swift; path = CommunityMenuCollectionViewCell.swift; sourceTree = "<group>"; };
		FA4E1367281A802600F947CD /* CommunityMenuCollectionViewCell.xib */ = {isa = PBXFileReference; lastKnownFileType = file.xib; path = CommunityMenuCollectionViewCell.xib; sourceTree = "<group>"; };
		FA4E136A281A81E400F947CD /* CommunityViewController.swift */ = {isa = PBXFileReference; lastKnownFileType = sourcecode.swift; path = CommunityViewController.swift; sourceTree = "<group>"; };
		FA4E1370281AB6E000F947CD /* CommunityPostTableViewCell.swift */ = {isa = PBXFileReference; lastKnownFileType = sourcecode.swift; path = CommunityPostTableViewCell.swift; sourceTree = "<group>"; };
		FA4E1371281AB6E000F947CD /* CommunityPostTableViewCell.xib */ = {isa = PBXFileReference; lastKnownFileType = file.xib; path = CommunityPostTableViewCell.xib; sourceTree = "<group>"; };
		FA4E1374281AE4E300F947CD /* SettingsViewController.swift */ = {isa = PBXFileReference; lastKnownFileType = sourcecode.swift; path = SettingsViewController.swift; sourceTree = "<group>"; };
		FA4E137A281AE92700F947CD /* SettingTableViewCell.swift */ = {isa = PBXFileReference; lastKnownFileType = sourcecode.swift; path = SettingTableViewCell.swift; sourceTree = "<group>"; };
		FA4E137B281AE92700F947CD /* SettingTableViewCell.xib */ = {isa = PBXFileReference; lastKnownFileType = file.xib; path = SettingTableViewCell.xib; sourceTree = "<group>"; };
		FA4E1380281AED7C00F947CD /* SettingHeaderView.xib */ = {isa = PBXFileReference; lastKnownFileType = file.xib; path = SettingHeaderView.xib; sourceTree = "<group>"; };
		FA61E869281BE75A005CCD9A /* NearViewController.swift */ = {isa = PBXFileReference; lastKnownFileType = sourcecode.swift; path = NearViewController.swift; sourceTree = "<group>"; };
		FA61E86B281BE8E3005CCD9A /* NearTagCollectionViewCell.swift */ = {isa = PBXFileReference; lastKnownFileType = sourcecode.swift; path = NearTagCollectionViewCell.swift; sourceTree = "<group>"; };
		FA61E86C281BE8E3005CCD9A /* NearTagCollectionViewCell.xib */ = {isa = PBXFileReference; lastKnownFileType = file.xib; path = NearTagCollectionViewCell.xib; sourceTree = "<group>"; };
		FA61E86F281BFB7E005CCD9A /* TransactionViewController.swift */ = {isa = PBXFileReference; lastKnownFileType = sourcecode.swift; path = TransactionViewController.swift; sourceTree = "<group>"; };
		FA79985B2816E35B00BE6B40 /* DaangnMarket.app */ = {isa = PBXFileReference; explicitFileType = wrapper.application; includeInIndex = 0; path = DaangnMarket.app; sourceTree = BUILT_PRODUCTS_DIR; };
		FA79985E2816E35B00BE6B40 /* AppDelegate.swift */ = {isa = PBXFileReference; lastKnownFileType = sourcecode.swift; path = AppDelegate.swift; sourceTree = "<group>"; };
		FA7998602816E35B00BE6B40 /* SceneDelegate.swift */ = {isa = PBXFileReference; lastKnownFileType = sourcecode.swift; path = SceneDelegate.swift; sourceTree = "<group>"; };
		FA7998622816E35B00BE6B40 /* HomeViewController.swift */ = {isa = PBXFileReference; lastKnownFileType = sourcecode.swift; path = HomeViewController.swift; sourceTree = "<group>"; };
		FA7998652816E35B00BE6B40 /* Base */ = {isa = PBXFileReference; lastKnownFileType = file.storyboard; name = Base; path = Base.lproj/Main.storyboard; sourceTree = "<group>"; };
		FA7998672816E35B00BE6B40 /* Assets.xcassets */ = {isa = PBXFileReference; lastKnownFileType = folder.assetcatalog; path = Assets.xcassets; sourceTree = "<group>"; };
		FA79986A2816E35B00BE6B40 /* Base */ = {isa = PBXFileReference; lastKnownFileType = file.storyboard; name = Base; path = Base.lproj/LaunchScreen.storyboard; sourceTree = "<group>"; };
		FA79986C2816E35B00BE6B40 /* Info.plist */ = {isa = PBXFileReference; lastKnownFileType = text.plist.xml; path = Info.plist; sourceTree = "<group>"; };
/* End PBXFileReference section */

/* Begin PBXFrameworksBuildPhase section */
		FA7998582816E35A00BE6B40 /* Frameworks */ = {
			isa = PBXFrameworksBuildPhase;
			buildActionMask = 2147483647;
			files = (
				FA4370EA281C32730076991F /* Tabman in Frameworks */,
			);
			runOnlyForDeploymentPostprocessing = 0;
		};
/* End PBXFrameworksBuildPhase section */

/* Begin PBXGroup section */
		FA0277C42819A5B500555739 /* Model */ = {
			isa = PBXGroup;
			children = (
				FA0277CB2819A7B100555739 /* TransactionModel.swift */,
				FA3D4179281BBC10007E2CEE /* ChatModel.swift */,
				FA4370E6281C28BD0076991F /* PostModel.swift */,
			);
			path = Model;
			sourceTree = "<group>";
		};
		FA0277C52819A5BA00555739 /* View */ = {
			isa = PBXGroup;
			children = (
				FA0277C92819A62400555739 /* Cell */,
				FA7998642816E35B00BE6B40 /* Main.storyboard */,
				FA31EF61281C123B00EE3DFC /* DetailTransactionViewController.xib */,
			);
			path = View;
			sourceTree = "<group>";
		};
		FA0277C62819A5BF00555739 /* Controller */ = {
			isa = PBXGroup;
			children = (
				FA0277C82819A61D00555739 /* Cell */,
				FA7998622816E35B00BE6B40 /* HomeViewController.swift */,
				FA4E136A281A81E400F947CD /* CommunityViewController.swift */,
				FA4E1374281AE4E300F947CD /* SettingsViewController.swift */,
				FA3D4177281BBB0E007E2CEE /* ChatViewController.swift */,
				FA61E869281BE75A005CCD9A /* NearViewController.swift */,
				FA61E86F281BFB7E005CCD9A /* TransactionViewController.swift */,
				FA31EF60281C123B00EE3DFC /* DetailTransactionViewController.swift */,
				FA4370EB281C36F60076991F /* TabManFoodViewController.swift */,
				FA3016A7281C3F7A0054F8A1 /* FirstFoodViewController.swift */,
				FA3016A9281C3F8E0054F8A1 /* SecondFoodViewController.swift */,
			);
			path = Controller;
			sourceTree = "<group>";
		};
		FA0277C72819A5EF00555739 /* Applications */ = {
			isa = PBXGroup;
			children = (
				FA79986C2816E35B00BE6B40 /* Info.plist */,
				FA79985E2816E35B00BE6B40 /* AppDelegate.swift */,
				FA7998602816E35B00BE6B40 /* SceneDelegate.swift */,
				FA7998692816E35B00BE6B40 /* LaunchScreen.storyboard */,
			);
			path = Applications;
			sourceTree = "<group>";
		};
		FA0277C82819A61D00555739 /* Cell */ = {
			isa = PBXGroup;
			children = (
				FA3C2558281959E6004BDCA3 /* HomeTableViewCell.swift */,
				FA4E1366281A802600F947CD /* CommunityMenuCollectionViewCell.swift */,
				FA4E1370281AB6E000F947CD /* CommunityPostTableViewCell.swift */,
				FA4E137A281AE92700F947CD /* SettingTableViewCell.swift */,
				FA3D416F281B9C5E007E2CEE /* SettingHeaderView.swift */,
				FA3D4173281BB916007E2CEE /* ChatTableViewCell.swift */,
				FA61E86B281BE8E3005CCD9A /* NearTagCollectionViewCell.swift */,
				FA3016AB281C40B60054F8A1 /* FirstFoodTableViewCell.swift */,
				FA3016AF281C40C10054F8A1 /* SecondFoodTableViewCell.swift */,
				FA359457281C4C4B007F13B5 /* NearMenuCollectionViewCell.swift */,
			);
			path = Cell;
			sourceTree = "<group>";
		};
		FA0277C92819A62400555739 /* Cell */ = {
			isa = PBXGroup;
			children = (
				FA3C2559281959E6004BDCA3 /* HomeTableViewCell.xib */,
				FA4E1367281A802600F947CD /* CommunityMenuCollectionViewCell.xib */,
				FA4E1371281AB6E000F947CD /* CommunityPostTableViewCell.xib */,
				FA4E137B281AE92700F947CD /* SettingTableViewCell.xib */,
				FA4E1380281AED7C00F947CD /* SettingHeaderView.xib */,
				FA3D4174281BB916007E2CEE /* ChatTableViewCell.xib */,
				FA61E86C281BE8E3005CCD9A /* NearTagCollectionViewCell.xib */,
				FA3016AC281C40B60054F8A1 /* FirstFoodTableViewCell.xib */,
				FA3016B0281C40C10054F8A1 /* SecondFoodTableViewCell.xib */,
				FA359458281C4C4B007F13B5 /* NearMenuCollectionViewCell.xib */,
			);
			path = Cell;
			sourceTree = "<group>";
		};
		FA0277CA2819A63C00555739 /* Resources */ = {
			isa = PBXGroup;
			children = (
				FA7998672816E35B00BE6B40 /* Assets.xcassets */,
				FA3D4171281BB655007E2CEE /* DashedLineView.swift */,
			);
			path = Resources;
			sourceTree = "<group>";
		};
		FA7998522816E35A00BE6B40 = {
			isa = PBXGroup;
			children = (
				FA79985D2816E35B00BE6B40 /* DaangnMarket */,
				FA79985C2816E35B00BE6B40 /* Products */,
			);
			sourceTree = "<group>";
		};
		FA79985C2816E35B00BE6B40 /* Products */ = {
			isa = PBXGroup;
			children = (
				FA79985B2816E35B00BE6B40 /* DaangnMarket.app */,
			);
			name = Products;
			sourceTree = "<group>";
		};
		FA79985D2816E35B00BE6B40 /* DaangnMarket */ = {
			isa = PBXGroup;
			children = (
				FA0277CA2819A63C00555739 /* Resources */,
				FA0277C72819A5EF00555739 /* Applications */,
				FA0277C42819A5B500555739 /* Model */,
				FA0277C52819A5BA00555739 /* View */,
				FA0277C62819A5BF00555739 /* Controller */,
			);
			path = DaangnMarket;
			sourceTree = "<group>";
		};
/* End PBXGroup section */

/* Begin PBXNativeTarget section */
		FA79985A2816E35A00BE6B40 /* DaangnMarket */ = {
			isa = PBXNativeTarget;
			buildConfigurationList = FA79986F2816E35B00BE6B40 /* Build configuration list for PBXNativeTarget "DaangnMarket" */;
			buildPhases = (
				FA7998572816E35A00BE6B40 /* Sources */,
				FA7998582816E35A00BE6B40 /* Frameworks */,
				FA7998592816E35A00BE6B40 /* Resources */,
			);
			buildRules = (
			);
			dependencies = (
			);
			name = DaangnMarket;
			packageProductDependencies = (
				FA4370E9281C32730076991F /* Tabman */,
			);
			productName = DaangnMarket;
			productReference = FA79985B2816E35B00BE6B40 /* DaangnMarket.app */;
			productType = "com.apple.product-type.application";
		};
/* End PBXNativeTarget section */

/* Begin PBXProject section */
		FA7998532816E35A00BE6B40 /* Project object */ = {
			isa = PBXProject;
			attributes = {
				BuildIndependentTargetsInParallel = 1;
				LastSwiftUpdateCheck = 1310;
				LastUpgradeCheck = 1310;
				TargetAttributes = {
					FA79985A2816E35A00BE6B40 = {
						CreatedOnToolsVersion = 13.1;
					};
				};
			};
			buildConfigurationList = FA7998562816E35A00BE6B40 /* Build configuration list for PBXProject "DaangnMarket" */;
			compatibilityVersion = "Xcode 13.0";
			developmentRegion = en;
			hasScannedForEncodings = 0;
			knownRegions = (
				en,
				Base,
			);
			mainGroup = FA7998522816E35A00BE6B40;
			packageReferences = (
				FA4370E8281C32730076991F /* XCRemoteSwiftPackageReference "Tabman" */,
			);
			productRefGroup = FA79985C2816E35B00BE6B40 /* Products */;
			projectDirPath = "";
			projectRoot = "";
			targets = (
				FA79985A2816E35A00BE6B40 /* DaangnMarket */,
			);
		};
/* End PBXProject section */

/* Begin PBXResourcesBuildPhase section */
		FA7998592816E35A00BE6B40 /* Resources */ = {
			isa = PBXResourcesBuildPhase;
			buildActionMask = 2147483647;
			files = (
				FA4E1381281AED7C00F947CD /* SettingHeaderView.xib in Resources */,
				FA3016B2281C40C10054F8A1 /* SecondFoodTableViewCell.xib in Resources */,
				FA61E86E281BE8E3005CCD9A /* NearTagCollectionViewCell.xib in Resources */,
				FA3016AE281C40B60054F8A1 /* FirstFoodTableViewCell.xib in Resources */,
				FA3D4176281BB916007E2CEE /* ChatTableViewCell.xib in Resources */,
				FA79986B2816E35B00BE6B40 /* LaunchScreen.storyboard in Resources */,
				FA7998682816E35B00BE6B40 /* Assets.xcassets in Resources */,
				FA4E137D281AE92700F947CD /* SettingTableViewCell.xib in Resources */,
				FA4E1369281A802600F947CD /* CommunityMenuCollectionViewCell.xib in Resources */,
				FA35945A281C4C4B007F13B5 /* NearMenuCollectionViewCell.xib in Resources */,
				FA31EF63281C123B00EE3DFC /* DetailTransactionViewController.xib in Resources */,
				FA3C255B281959E6004BDCA3 /* HomeTableViewCell.xib in Resources */,
				FA7998662816E35B00BE6B40 /* Main.storyboard in Resources */,
				FA4E1373281AB6E000F947CD /* CommunityPostTableViewCell.xib in Resources */,
			);
			runOnlyForDeploymentPostprocessing = 0;
		};
/* End PBXResourcesBuildPhase section */

/* Begin PBXSourcesBuildPhase section */
		FA7998572816E35A00BE6B40 /* Sources */ = {
			isa = PBXSourcesBuildPhase;
			buildActionMask = 2147483647;
			files = (
				FA31EF62281C123B00EE3DFC /* DetailTransactionViewController.swift in Sources */,
				FA4370E7281C28BD0076991F /* PostModel.swift in Sources */,
				FA7998632816E35B00BE6B40 /* HomeViewController.swift in Sources */,
				FA4370EC281C36F60076991F /* TabManFoodViewController.swift in Sources */,
				FA3016B1281C40C10054F8A1 /* SecondFoodTableViewCell.swift in Sources */,
				FA4E1375281AE4E300F947CD /* SettingsViewController.swift in Sources */,
				FA79985F2816E35B00BE6B40 /* AppDelegate.swift in Sources */,
				FA61E86D281BE8E3005CCD9A /* NearTagCollectionViewCell.swift in Sources */,
				FA3D4172281BB655007E2CEE /* DashedLineView.swift in Sources */,
				FA3D4170281B9C5F007E2CEE /* SettingHeaderView.swift in Sources */,
				FA359459281C4C4B007F13B5 /* NearMenuCollectionViewCell.swift in Sources */,
				FA3D417A281BBC10007E2CEE /* ChatModel.swift in Sources */,
				FA4E1372281AB6E000F947CD /* CommunityPostTableViewCell.swift in Sources */,
				FA3C255A281959E6004BDCA3 /* HomeTableViewCell.swift in Sources */,
				FA7998612816E35B00BE6B40 /* SceneDelegate.swift in Sources */,
				FA4E137C281AE92700F947CD /* SettingTableViewCell.swift in Sources */,
				FA0277CC2819A7B100555739 /* TransactionModel.swift in Sources */,
				FA3016AA281C3F8E0054F8A1 /* SecondFoodViewController.swift in Sources */,
				FA3D4178281BBB0E007E2CEE /* ChatViewController.swift in Sources */,
				FA61E870281BFB7E005CCD9A /* TransactionViewController.swift in Sources */,
				FA3016AD281C40B60054F8A1 /* FirstFoodTableViewCell.swift in Sources */,
				FA4E1368281A802600F947CD /* CommunityMenuCollectionViewCell.swift in Sources */,
				FA61E86A281BE75A005CCD9A /* NearViewController.swift in Sources */,
				FA3D4175281BB916007E2CEE /* ChatTableViewCell.swift in Sources */,
				FA4E136B281A81E400F947CD /* CommunityViewController.swift in Sources */,
				FA3016A8281C3F7A0054F8A1 /* FirstFoodViewController.swift in Sources */,
			);
			runOnlyForDeploymentPostprocessing = 0;
		};
/* End PBXSourcesBuildPhase section */

/* Begin PBXVariantGroup section */
		FA7998642816E35B00BE6B40 /* Main.storyboard */ = {
			isa = PBXVariantGroup;
			children = (
				FA7998652816E35B00BE6B40 /* Base */,
			);
			name = Main.storyboard;
			sourceTree = "<group>";
		};
		FA7998692816E35B00BE6B40 /* LaunchScreen.storyboard */ = {
			isa = PBXVariantGroup;
			children = (
				FA79986A2816E35B00BE6B40 /* Base */,
			);
			name = LaunchScreen.storyboard;
			sourceTree = "<group>";
		};
/* End PBXVariantGroup section */

/* Begin XCBuildConfiguration section */
		FA79986D2816E35B00BE6B40 /* Debug */ = {
			isa = XCBuildConfiguration;
			buildSettings = {
				ALWAYS_SEARCH_USER_PATHS = NO;
				CLANG_ANALYZER_NONNULL = YES;
				CLANG_ANALYZER_NUMBER_OBJECT_CONVERSION = YES_AGGRESSIVE;
				CLANG_CXX_LANGUAGE_STANDARD = "gnu++17";
				CLANG_CXX_LIBRARY = "libc++";
				CLANG_ENABLE_MODULES = YES;
				CLANG_ENABLE_OBJC_ARC = YES;
				CLANG_ENABLE_OBJC_WEAK = YES;
				CLANG_WARN_BLOCK_CAPTURE_AUTORELEASING = YES;
				CLANG_WARN_BOOL_CONVERSION = YES;
				CLANG_WARN_COMMA = YES;
				CLANG_WARN_CONSTANT_CONVERSION = YES;
				CLANG_WARN_DEPRECATED_OBJC_IMPLEMENTATIONS = YES;
				CLANG_WARN_DIRECT_OBJC_ISA_USAGE = YES_ERROR;
				CLANG_WARN_DOCUMENTATION_COMMENTS = YES;
				CLANG_WARN_EMPTY_BODY = YES;
				CLANG_WARN_ENUM_CONVERSION = YES;
				CLANG_WARN_INFINITE_RECURSION = YES;
				CLANG_WARN_INT_CONVERSION = YES;
				CLANG_WARN_NON_LITERAL_NULL_CONVERSION = YES;
				CLANG_WARN_OBJC_IMPLICIT_RETAIN_SELF = YES;
				CLANG_WARN_OBJC_LITERAL_CONVERSION = YES;
				CLANG_WARN_OBJC_ROOT_CLASS = YES_ERROR;
				CLANG_WARN_QUOTED_INCLUDE_IN_FRAMEWORK_HEADER = YES;
				CLANG_WARN_RANGE_LOOP_ANALYSIS = YES;
				CLANG_WARN_STRICT_PROTOTYPES = YES;
				CLANG_WARN_SUSPICIOUS_MOVE = YES;
				CLANG_WARN_UNGUARDED_AVAILABILITY = YES_AGGRESSIVE;
				CLANG_WARN_UNREACHABLE_CODE = YES;
				CLANG_WARN__DUPLICATE_METHOD_MATCH = YES;
				COPY_PHASE_STRIP = NO;
				DEBUG_INFORMATION_FORMAT = dwarf;
				ENABLE_STRICT_OBJC_MSGSEND = YES;
				ENABLE_TESTABILITY = YES;
				GCC_C_LANGUAGE_STANDARD = gnu11;
				GCC_DYNAMIC_NO_PIC = NO;
				GCC_NO_COMMON_BLOCKS = YES;
				GCC_OPTIMIZATION_LEVEL = 0;
				GCC_PREPROCESSOR_DEFINITIONS = (
					"DEBUG=1",
					"$(inherited)",
				);
				GCC_WARN_64_TO_32_BIT_CONVERSION = YES;
				GCC_WARN_ABOUT_RETURN_TYPE = YES_ERROR;
				GCC_WARN_UNDECLARED_SELECTOR = YES;
				GCC_WARN_UNINITIALIZED_AUTOS = YES_AGGRESSIVE;
				GCC_WARN_UNUSED_FUNCTION = YES;
				GCC_WARN_UNUSED_VARIABLE = YES;
				IPHONEOS_DEPLOYMENT_TARGET = 15.0;
				MTL_ENABLE_DEBUG_INFO = INCLUDE_SOURCE;
				MTL_FAST_MATH = YES;
				ONLY_ACTIVE_ARCH = YES;
				SDKROOT = iphoneos;
				SWIFT_ACTIVE_COMPILATION_CONDITIONS = DEBUG;
				SWIFT_OPTIMIZATION_LEVEL = "-Onone";
			};
			name = Debug;
		};
		FA79986E2816E35B00BE6B40 /* Release */ = {
			isa = XCBuildConfiguration;
			buildSettings = {
				ALWAYS_SEARCH_USER_PATHS = NO;
				CLANG_ANALYZER_NONNULL = YES;
				CLANG_ANALYZER_NUMBER_OBJECT_CONVERSION = YES_AGGRESSIVE;
				CLANG_CXX_LANGUAGE_STANDARD = "gnu++17";
				CLANG_CXX_LIBRARY = "libc++";
				CLANG_ENABLE_MODULES = YES;
				CLANG_ENABLE_OBJC_ARC = YES;
				CLANG_ENABLE_OBJC_WEAK = YES;
				CLANG_WARN_BLOCK_CAPTURE_AUTORELEASING = YES;
				CLANG_WARN_BOOL_CONVERSION = YES;
				CLANG_WARN_COMMA = YES;
				CLANG_WARN_CONSTANT_CONVERSION = YES;
				CLANG_WARN_DEPRECATED_OBJC_IMPLEMENTATIONS = YES;
				CLANG_WARN_DIRECT_OBJC_ISA_USAGE = YES_ERROR;
				CLANG_WARN_DOCUMENTATION_COMMENTS = YES;
				CLANG_WARN_EMPTY_BODY = YES;
				CLANG_WARN_ENUM_CONVERSION = YES;
				CLANG_WARN_INFINITE_RECURSION = YES;
				CLANG_WARN_INT_CONVERSION = YES;
				CLANG_WARN_NON_LITERAL_NULL_CONVERSION = YES;
				CLANG_WARN_OBJC_IMPLICIT_RETAIN_SELF = YES;
				CLANG_WARN_OBJC_LITERAL_CONVERSION = YES;
				CLANG_WARN_OBJC_ROOT_CLASS = YES_ERROR;
				CLANG_WARN_QUOTED_INCLUDE_IN_FRAMEWORK_HEADER = YES;
				CLANG_WARN_RANGE_LOOP_ANALYSIS = YES;
				CLANG_WARN_STRICT_PROTOTYPES = YES;
				CLANG_WARN_SUSPICIOUS_MOVE = YES;
				CLANG_WARN_UNGUARDED_AVAILABILITY = YES_AGGRESSIVE;
				CLANG_WARN_UNREACHABLE_CODE = YES;
				CLANG_WARN__DUPLICATE_METHOD_MATCH = YES;
				COPY_PHASE_STRIP = NO;
				DEBUG_INFORMATION_FORMAT = "dwarf-with-dsym";
				ENABLE_NS_ASSERTIONS = NO;
				ENABLE_STRICT_OBJC_MSGSEND = YES;
				GCC_C_LANGUAGE_STANDARD = gnu11;
				GCC_NO_COMMON_BLOCKS = YES;
				GCC_WARN_64_TO_32_BIT_CONVERSION = YES;
				GCC_WARN_ABOUT_RETURN_TYPE = YES_ERROR;
				GCC_WARN_UNDECLARED_SELECTOR = YES;
				GCC_WARN_UNINITIALIZED_AUTOS = YES_AGGRESSIVE;
				GCC_WARN_UNUSED_FUNCTION = YES;
				GCC_WARN_UNUSED_VARIABLE = YES;
				IPHONEOS_DEPLOYMENT_TARGET = 15.0;
				MTL_ENABLE_DEBUG_INFO = NO;
				MTL_FAST_MATH = YES;
				SDKROOT = iphoneos;
				SWIFT_COMPILATION_MODE = wholemodule;
				SWIFT_OPTIMIZATION_LEVEL = "-O";
				VALIDATE_PRODUCT = YES;
			};
			name = Release;
		};
		FA7998702816E35B00BE6B40 /* Debug */ = {
			isa = XCBuildConfiguration;
			buildSettings = {
				ASSETCATALOG_COMPILER_APPICON_NAME = AppIcon;
				ASSETCATALOG_COMPILER_GLOBAL_ACCENT_COLOR_NAME = AccentColor;
				CODE_SIGN_STYLE = Automatic;
				CURRENT_PROJECT_VERSION = 1;
				DEVELOPMENT_TEAM = 9738W25PF4;
				GENERATE_INFOPLIST_FILE = YES;
				INFOPLIST_FILE = DaangnMarket/Applications/Info.plist;
				INFOPLIST_KEY_UIApplicationSupportsIndirectInputEvents = YES;
				INFOPLIST_KEY_UILaunchStoryboardName = LaunchScreen;
				INFOPLIST_KEY_UIMainStoryboardFile = Main;
				INFOPLIST_KEY_UISupportedInterfaceOrientations_iPad = "UIInterfaceOrientationPortrait UIInterfaceOrientationPortraitUpsideDown UIInterfaceOrientationLandscapeLeft UIInterfaceOrientationLandscapeRight";
				INFOPLIST_KEY_UISupportedInterfaceOrientations_iPhone = "UIInterfaceOrientationPortrait UIInterfaceOrientationLandscapeLeft UIInterfaceOrientationLandscapeRight";
				LD_RUNPATH_SEARCH_PATHS = (
					"$(inherited)",
					"@executable_path/Frameworks",
				);
				MARKETING_VERSION = 1.0;
				PRODUCT_BUNDLE_IDENTIFIER = LimYoungSun.DaangnMarket;
				PRODUCT_NAME = "$(TARGET_NAME)";
				SWIFT_EMIT_LOC_STRINGS = YES;
				SWIFT_VERSION = 5.0;
				TARGETED_DEVICE_FAMILY = "1,2";
			};
			name = Debug;
		};
		FA7998712816E35B00BE6B40 /* Release */ = {
			isa = XCBuildConfiguration;
			buildSettings = {
				ASSETCATALOG_COMPILER_APPICON_NAME = AppIcon;
				ASSETCATALOG_COMPILER_GLOBAL_ACCENT_COLOR_NAME = AccentColor;
				CODE_SIGN_STYLE = Automatic;
				CURRENT_PROJECT_VERSION = 1;
				DEVELOPMENT_TEAM = 9738W25PF4;
				GENERATE_INFOPLIST_FILE = YES;
				INFOPLIST_FILE = DaangnMarket/Applications/Info.plist;
				INFOPLIST_KEY_UIApplicationSupportsIndirectInputEvents = YES;
				INFOPLIST_KEY_UILaunchStoryboardName = LaunchScreen;
				INFOPLIST_KEY_UIMainStoryboardFile = Main;
				INFOPLIST_KEY_UISupportedInterfaceOrientations_iPad = "UIInterfaceOrientationPortrait UIInterfaceOrientationPortraitUpsideDown UIInterfaceOrientationLandscapeLeft UIInterfaceOrientationLandscapeRight";
				INFOPLIST_KEY_UISupportedInterfaceOrientations_iPhone = "UIInterfaceOrientationPortrait UIInterfaceOrientationLandscapeLeft UIInterfaceOrientationLandscapeRight";
				LD_RUNPATH_SEARCH_PATHS = (
					"$(inherited)",
					"@executable_path/Frameworks",
				);
				MARKETING_VERSION = 1.0;
				PRODUCT_BUNDLE_IDENTIFIER = LimYoungSun.DaangnMarket;
				PRODUCT_NAME = "$(TARGET_NAME)";
				SWIFT_EMIT_LOC_STRINGS = YES;
				SWIFT_VERSION = 5.0;
				TARGETED_DEVICE_FAMILY = "1,2";
			};
			name = Release;
		};
/* End XCBuildConfiguration section */

/* Begin XCConfigurationList section */
		FA7998562816E35A00BE6B40 /* Build configuration list for PBXProject "DaangnMarket" */ = {
			isa = XCConfigurationList;
			buildConfigurations = (
				FA79986D2816E35B00BE6B40 /* Debug */,
				FA79986E2816E35B00BE6B40 /* Release */,
			);
			defaultConfigurationIsVisible = 0;
			defaultConfigurationName = Release;
		};
		FA79986F2816E35B00BE6B40 /* Build configuration list for PBXNativeTarget "DaangnMarket" */ = {
			isa = XCConfigurationList;
			buildConfigurations = (
				FA7998702816E35B00BE6B40 /* Debug */,
				FA7998712816E35B00BE6B40 /* Release */,
			);
			defaultConfigurationIsVisible = 0;
			defaultConfigurationName = Release;
		};
/* End XCConfigurationList section */

/* Begin XCRemoteSwiftPackageReference section */
		FA4370E8281C32730076991F /* XCRemoteSwiftPackageReference "Tabman" */ = {
			isa = XCRemoteSwiftPackageReference;
			repositoryURL = "https://github.com/uias/Tabman";
			requirement = {
				kind = upToNextMajorVersion;
				minimumVersion = 2.0.0;
			};
		};
/* End XCRemoteSwiftPackageReference section */

/* Begin XCSwiftPackageProductDependency section */
		FA4370E9281C32730076991F /* Tabman */ = {
			isa = XCSwiftPackageProductDependency;
			package = FA4370E8281C32730076991F /* XCRemoteSwiftPackageReference "Tabman" */;
			productName = Tabman;
		};
/* End XCSwiftPackageProductDependency section */
	};
	rootObject = FA7998532816E35A00BE6B40 /* Project object */;
}
