// !$*UTF8*$!
{
	archiveVersion = 1;
	classes = {
	};
	objectVersion = 55;
	objects = {

/* Begin PBXBuildFile section */
		EDC13BA6DD37FC69F5E33B67 /* Pods_MovieAPI.framework in Frameworks */ = {isa = PBXBuildFile; fileRef = 6274F2A8BCAB6A1EC88A3F7C /* Pods_MovieAPI.framework */; };
		FA5AD25F2829630600925A9F /* AppDelegate.swift in Sources */ = {isa = PBXBuildFile; fileRef = FA5AD25E2829630600925A9F /* AppDelegate.swift */; };
		FA5AD2612829630600925A9F /* SceneDelegate.swift in Sources */ = {isa = PBXBuildFile; fileRef = FA5AD2602829630600925A9F /* SceneDelegate.swift */; };
		FA5AD2632829630600925A9F /* ViewController.swift in Sources */ = {isa = PBXBuildFile; fileRef = FA5AD2622829630600925A9F /* ViewController.swift */; };
		FA5AD2662829630600925A9F /* Main.storyboard in Resources */ = {isa = PBXBuildFile; fileRef = FA5AD2642829630600925A9F /* Main.storyboard */; };
		FA5AD2682829630800925A9F /* Assets.xcassets in Resources */ = {isa = PBXBuildFile; fileRef = FA5AD2672829630800925A9F /* Assets.xcassets */; };
		FA5AD26B2829630800925A9F /* LaunchScreen.storyboard in Resources */ = {isa = PBXBuildFile; fileRef = FA5AD2692829630800925A9F /* LaunchScreen.storyboard */; };
		FA643C77282CE361000871EA /* FirstTabViewController.swift in Sources */ = {isa = PBXBuildFile; fileRef = FA643C76282CE361000871EA /* FirstTabViewController.swift */; };
		FA643C79282CE36E000871EA /* SecondTabViewController.swift in Sources */ = {isa = PBXBuildFile; fileRef = FA643C78282CE36E000871EA /* SecondTabViewController.swift */; };
		FA643C7B282CE66C000871EA /* TabViewController.swift in Sources */ = {isa = PBXBuildFile; fileRef = FA643C7A282CE66C000871EA /* TabViewController.swift */; };
		FA643C7E282CEC6C000871EA /* ADCollectionViewCell.swift in Sources */ = {isa = PBXBuildFile; fileRef = FA643C7D282CEC6C000871EA /* ADCollectionViewCell.swift */; };
		FA643C80282CF1D7000871EA /* MovieChartViewController.swift in Sources */ = {isa = PBXBuildFile; fileRef = FA643C7F282CF1D7000871EA /* MovieChartViewController.swift */; };
		FA643C82282CF1EB000871EA /* DayChartViewController.swift in Sources */ = {isa = PBXBuildFile; fileRef = FA643C81282CF1EB000871EA /* DayChartViewController.swift */; };
		FA643C84282CF203000871EA /* WeekChartViewController.swift in Sources */ = {isa = PBXBuildFile; fileRef = FA643C83282CF203000871EA /* WeekChartViewController.swift */; };
		FAD669C7282BD14F0009E2E0 /* Alamofire in Frameworks */ = {isa = PBXBuildFile; productRef = FAD669C6282BD14F0009E2E0 /* Alamofire */; };
		FAD669CC282BD5F00009E2E0 /* Library.swift in Sources */ = {isa = PBXBuildFile; fileRef = FAD669CB282BD5F00009E2E0 /* Library.swift */; };
		FAD669CF282C10010009E2E0 /* HomeViewController.swift in Sources */ = {isa = PBXBuildFile; fileRef = FAD669CD282C10010009E2E0 /* HomeViewController.swift */; };
/* End PBXBuildFile section */

/* Begin PBXFileReference section */
		6274F2A8BCAB6A1EC88A3F7C /* Pods_MovieAPI.framework */ = {isa = PBXFileReference; explicitFileType = wrapper.framework; includeInIndex = 0; path = Pods_MovieAPI.framework; sourceTree = BUILT_PRODUCTS_DIR; };
		BAD014812D9DB6C859EE5F84 /* Pods-MovieAPI.release.xcconfig */ = {isa = PBXFileReference; includeInIndex = 1; lastKnownFileType = text.xcconfig; name = "Pods-MovieAPI.release.xcconfig"; path = "Target Support Files/Pods-MovieAPI/Pods-MovieAPI.release.xcconfig"; sourceTree = "<group>"; };
		C1CF99EC7FF429598A455A87 /* Pods-MovieAPI.debug.xcconfig */ = {isa = PBXFileReference; includeInIndex = 1; lastKnownFileType = text.xcconfig; name = "Pods-MovieAPI.debug.xcconfig"; path = "Target Support Files/Pods-MovieAPI/Pods-MovieAPI.debug.xcconfig"; sourceTree = "<group>"; };
		FA5AD25B2829630600925A9F /* MovieAPI.app */ = {isa = PBXFileReference; explicitFileType = wrapper.application; includeInIndex = 0; path = MovieAPI.app; sourceTree = BUILT_PRODUCTS_DIR; };
		FA5AD25E2829630600925A9F /* AppDelegate.swift */ = {isa = PBXFileReference; lastKnownFileType = sourcecode.swift; path = AppDelegate.swift; sourceTree = "<group>"; };
		FA5AD2602829630600925A9F /* SceneDelegate.swift */ = {isa = PBXFileReference; lastKnownFileType = sourcecode.swift; path = SceneDelegate.swift; sourceTree = "<group>"; };
		FA5AD2622829630600925A9F /* ViewController.swift */ = {isa = PBXFileReference; lastKnownFileType = sourcecode.swift; path = ViewController.swift; sourceTree = "<group>"; };
		FA5AD2652829630600925A9F /* Base */ = {isa = PBXFileReference; lastKnownFileType = file.storyboard; name = Base; path = Base.lproj/Main.storyboard; sourceTree = "<group>"; };
		FA5AD2672829630800925A9F /* Assets.xcassets */ = {isa = PBXFileReference; lastKnownFileType = folder.assetcatalog; path = Assets.xcassets; sourceTree = "<group>"; };
		FA5AD26A2829630800925A9F /* Base */ = {isa = PBXFileReference; lastKnownFileType = file.storyboard; name = Base; path = Base.lproj/LaunchScreen.storyboard; sourceTree = "<group>"; };
		FA5AD26C2829630800925A9F /* Info.plist */ = {isa = PBXFileReference; lastKnownFileType = text.plist.xml; path = Info.plist; sourceTree = "<group>"; };
		FA643C76282CE361000871EA /* FirstTabViewController.swift */ = {isa = PBXFileReference; lastKnownFileType = sourcecode.swift; path = FirstTabViewController.swift; sourceTree = "<group>"; };
		FA643C78282CE36E000871EA /* SecondTabViewController.swift */ = {isa = PBXFileReference; lastKnownFileType = sourcecode.swift; path = SecondTabViewController.swift; sourceTree = "<group>"; };
		FA643C7A282CE66C000871EA /* TabViewController.swift */ = {isa = PBXFileReference; lastKnownFileType = sourcecode.swift; path = TabViewController.swift; sourceTree = "<group>"; };
		FA643C7D282CEC6C000871EA /* ADCollectionViewCell.swift */ = {isa = PBXFileReference; lastKnownFileType = sourcecode.swift; path = ADCollectionViewCell.swift; sourceTree = "<group>"; };
		FA643C7F282CF1D7000871EA /* MovieChartViewController.swift */ = {isa = PBXFileReference; lastKnownFileType = sourcecode.swift; path = MovieChartViewController.swift; sourceTree = "<group>"; };
		FA643C81282CF1EB000871EA /* DayChartViewController.swift */ = {isa = PBXFileReference; lastKnownFileType = sourcecode.swift; path = DayChartViewController.swift; sourceTree = "<group>"; };
		FA643C83282CF203000871EA /* WeekChartViewController.swift */ = {isa = PBXFileReference; lastKnownFileType = sourcecode.swift; path = WeekChartViewController.swift; sourceTree = "<group>"; };
		FAD669CB282BD5F00009E2E0 /* Library.swift */ = {isa = PBXFileReference; lastKnownFileType = sourcecode.swift; path = Library.swift; sourceTree = "<group>"; };
		FAD669CD282C10010009E2E0 /* HomeViewController.swift */ = {isa = PBXFileReference; lastKnownFileType = sourcecode.swift; path = HomeViewController.swift; sourceTree = "<group>"; };
/* End PBXFileReference section */

/* Begin PBXFrameworksBuildPhase section */
		FA5AD2582829630600925A9F /* Frameworks */ = {
			isa = PBXFrameworksBuildPhase;
			buildActionMask = 2147483647;
			files = (
				FAD669C7282BD14F0009E2E0 /* Alamofire in Frameworks */,
				EDC13BA6DD37FC69F5E33B67 /* Pods_MovieAPI.framework in Frameworks */,
			);
			runOnlyForDeploymentPostprocessing = 0;
		};
/* End PBXFrameworksBuildPhase section */

/* Begin PBXGroup section */
		BC621343516BF8D9F2B1EAD8 /* Pods */ = {
			isa = PBXGroup;
			children = (
				C1CF99EC7FF429598A455A87 /* Pods-MovieAPI.debug.xcconfig */,
				BAD014812D9DB6C859EE5F84 /* Pods-MovieAPI.release.xcconfig */,
			);
			path = Pods;
			sourceTree = "<group>";
		};
		D1ADAEAAB7938F9D4434BC01 /* Frameworks */ = {
			isa = PBXGroup;
			children = (
				6274F2A8BCAB6A1EC88A3F7C /* Pods_MovieAPI.framework */,
			);
			name = Frameworks;
			sourceTree = "<group>";
		};
		FA5AD2522829630600925A9F = {
			isa = PBXGroup;
			children = (
				FA5AD25D2829630600925A9F /* MovieAPI */,
				FA5AD25C2829630600925A9F /* Products */,
				BC621343516BF8D9F2B1EAD8 /* Pods */,
				D1ADAEAAB7938F9D4434BC01 /* Frameworks */,
			);
			sourceTree = "<group>";
		};
		FA5AD25C2829630600925A9F /* Products */ = {
			isa = PBXGroup;
			children = (
				FA5AD25B2829630600925A9F /* MovieAPI.app */,
			);
			name = Products;
			sourceTree = "<group>";
		};
		FA5AD25D2829630600925A9F /* MovieAPI */ = {
			isa = PBXGroup;
			children = (
				FAD669C8282BD5970009E2E0 /* Model */,
				FAD669C9282BD59E0009E2E0 /* View */,
				FAD669CA282BD5A30009E2E0 /* Controller */,
				FA5AD25E2829630600925A9F /* AppDelegate.swift */,
				FA5AD2602829630600925A9F /* SceneDelegate.swift */,
				FA5AD2672829630800925A9F /* Assets.xcassets */,
				FA5AD2692829630800925A9F /* LaunchScreen.storyboard */,
				FA5AD26C2829630800925A9F /* Info.plist */,
			);
			path = MovieAPI;
			sourceTree = "<group>";
		};
		FA643C7C282CEC50000871EA /* Cell */ = {
			isa = PBXGroup;
			children = (
				FA643C7D282CEC6C000871EA /* ADCollectionViewCell.swift */,
			);
			path = Cell;
			sourceTree = "<group>";
		};
		FAD669C8282BD5970009E2E0 /* Model */ = {
			isa = PBXGroup;
			children = (
				FAD669CB282BD5F00009E2E0 /* Library.swift */,
			);
			path = Model;
			sourceTree = "<group>";
		};
		FAD669C9282BD59E0009E2E0 /* View */ = {
			isa = PBXGroup;
			children = (
				FA643C7C282CEC50000871EA /* Cell */,
				FA5AD2642829630600925A9F /* Main.storyboard */,
			);
			path = View;
			sourceTree = "<group>";
		};
		FAD669CA282BD5A30009E2E0 /* Controller */ = {
			isa = PBXGroup;
			children = (
				FA5AD2622829630600925A9F /* ViewController.swift */,
				FAD669CD282C10010009E2E0 /* HomeViewController.swift */,
				FA643C7A282CE66C000871EA /* TabViewController.swift */,
				FA643C76282CE361000871EA /* FirstTabViewController.swift */,
				FA643C78282CE36E000871EA /* SecondTabViewController.swift */,
				FA643C7F282CF1D7000871EA /* MovieChartViewController.swift */,
				FA643C81282CF1EB000871EA /* DayChartViewController.swift */,
				FA643C83282CF203000871EA /* WeekChartViewController.swift */,
			);
			path = Controller;
			sourceTree = "<group>";
		};
/* End PBXGroup section */

/* Begin PBXNativeTarget section */
		FA5AD25A2829630600925A9F /* MovieAPI */ = {
			isa = PBXNativeTarget;
			buildConfigurationList = FA5AD26F2829630800925A9F /* Build configuration list for PBXNativeTarget "MovieAPI" */;
			buildPhases = (
				E27E76AE157CD8BFD3B3B3CA /* [CP] Check Pods Manifest.lock */,
				FA5AD2572829630600925A9F /* Sources */,
				FA5AD2582829630600925A9F /* Frameworks */,
				FA5AD2592829630600925A9F /* Resources */,
				8568F7740099FA11C1D5001A /* [CP] Embed Pods Frameworks */,
			);
			buildRules = (
			);
			dependencies = (
			);
			name = MovieAPI;
			packageProductDependencies = (
				FAD669C6282BD14F0009E2E0 /* Alamofire */,
			);
			productName = LibraryAPI;
			productReference = FA5AD25B2829630600925A9F /* MovieAPI.app */;
			productType = "com.apple.product-type.application";
		};
/* End PBXNativeTarget section */

/* Begin PBXProject section */
		FA5AD2532829630600925A9F /* Project object */ = {
			isa = PBXProject;
			attributes = {
				BuildIndependentTargetsInParallel = 1;
				LastSwiftUpdateCheck = 1310;
				LastUpgradeCheck = 1310;
				TargetAttributes = {
					FA5AD25A2829630600925A9F = {
						CreatedOnToolsVersion = 13.1;
					};
				};
			};
			buildConfigurationList = FA5AD2562829630600925A9F /* Build configuration list for PBXProject "MovieAPI" */;
			compatibilityVersion = "Xcode 13.0";
			developmentRegion = en;
			hasScannedForEncodings = 0;
			knownRegions = (
				en,
				Base,
			);
			mainGroup = FA5AD2522829630600925A9F;
			packageReferences = (
				FAD669C5282BD14F0009E2E0 /* XCRemoteSwiftPackageReference "Alamofire" */,
			);
			productRefGroup = FA5AD25C2829630600925A9F /* Products */;
			projectDirPath = "";
			projectRoot = "";
			targets = (
				FA5AD25A2829630600925A9F /* MovieAPI */,
			);
		};
/* End PBXProject section */

/* Begin PBXResourcesBuildPhase section */
		FA5AD2592829630600925A9F /* Resources */ = {
			isa = PBXResourcesBuildPhase;
			buildActionMask = 2147483647;
			files = (
				FA5AD26B2829630800925A9F /* LaunchScreen.storyboard in Resources */,
				FA5AD2682829630800925A9F /* Assets.xcassets in Resources */,
				FA5AD2662829630600925A9F /* Main.storyboard in Resources */,
			);
			runOnlyForDeploymentPostprocessing = 0;
		};
/* End PBXResourcesBuildPhase section */

/* Begin PBXShellScriptBuildPhase section */
		8568F7740099FA11C1D5001A /* [CP] Embed Pods Frameworks */ = {
			isa = PBXShellScriptBuildPhase;
			buildActionMask = 2147483647;
			files = (
			);
			inputFileListPaths = (
				"${PODS_ROOT}/Target Support Files/Pods-MovieAPI/Pods-MovieAPI-frameworks-${CONFIGURATION}-input-files.xcfilelist",
			);
			name = "[CP] Embed Pods Frameworks";
			outputFileListPaths = (
				"${PODS_ROOT}/Target Support Files/Pods-MovieAPI/Pods-MovieAPI-frameworks-${CONFIGURATION}-output-files.xcfilelist",
			);
			runOnlyForDeploymentPostprocessing = 0;
			shellPath = /bin/sh;
			shellScript = "\"${PODS_ROOT}/Target Support Files/Pods-MovieAPI/Pods-MovieAPI-frameworks.sh\"\n";
			showEnvVarsInLog = 0;
		};
		E27E76AE157CD8BFD3B3B3CA /* [CP] Check Pods Manifest.lock */ = {
			isa = PBXShellScriptBuildPhase;
			buildActionMask = 2147483647;
			files = (
			);
			inputFileListPaths = (
			);
			inputPaths = (
				"${PODS_PODFILE_DIR_PATH}/Podfile.lock",
				"${PODS_ROOT}/Manifest.lock",
			);
			name = "[CP] Check Pods Manifest.lock";
			outputFileListPaths = (
			);
			outputPaths = (
				"$(DERIVED_FILE_DIR)/Pods-MovieAPI-checkManifestLockResult.txt",
			);
			runOnlyForDeploymentPostprocessing = 0;
			shellPath = /bin/sh;
			shellScript = "diff \"${PODS_PODFILE_DIR_PATH}/Podfile.lock\" \"${PODS_ROOT}/Manifest.lock\" > /dev/null\nif [ $? != 0 ] ; then\n    # print error to STDERR\n    echo \"error: The sandbox is not in sync with the Podfile.lock. Run 'pod install' or update your CocoaPods installation.\" >&2\n    exit 1\nfi\n# This output is used by Xcode 'outputs' to avoid re-running this script phase.\necho \"SUCCESS\" > \"${SCRIPT_OUTPUT_FILE_0}\"\n";
			showEnvVarsInLog = 0;
		};
/* End PBXShellScriptBuildPhase section */

/* Begin PBXSourcesBuildPhase section */
		FA5AD2572829630600925A9F /* Sources */ = {
			isa = PBXSourcesBuildPhase;
			buildActionMask = 2147483647;
			files = (
				FA643C7B282CE66C000871EA /* TabViewController.swift in Sources */,
				FA643C82282CF1EB000871EA /* DayChartViewController.swift in Sources */,
				FAD669CF282C10010009E2E0 /* HomeViewController.swift in Sources */,
				FA643C7E282CEC6C000871EA /* ADCollectionViewCell.swift in Sources */,
				FA5AD2632829630600925A9F /* ViewController.swift in Sources */,
				FA643C80282CF1D7000871EA /* MovieChartViewController.swift in Sources */,
				FA643C84282CF203000871EA /* WeekChartViewController.swift in Sources */,
				FAD669CC282BD5F00009E2E0 /* Library.swift in Sources */,
				FA643C79282CE36E000871EA /* SecondTabViewController.swift in Sources */,
				FA643C77282CE361000871EA /* FirstTabViewController.swift in Sources */,
				FA5AD25F2829630600925A9F /* AppDelegate.swift in Sources */,
				FA5AD2612829630600925A9F /* SceneDelegate.swift in Sources */,
			);
			runOnlyForDeploymentPostprocessing = 0;
		};
/* End PBXSourcesBuildPhase section */

/* Begin PBXVariantGroup section */
		FA5AD2642829630600925A9F /* Main.storyboard */ = {
			isa = PBXVariantGroup;
			children = (
				FA5AD2652829630600925A9F /* Base */,
			);
			name = Main.storyboard;
			sourceTree = "<group>";
		};
		FA5AD2692829630800925A9F /* LaunchScreen.storyboard */ = {
			isa = PBXVariantGroup;
			children = (
				FA5AD26A2829630800925A9F /* Base */,
			);
			name = LaunchScreen.storyboard;
			sourceTree = "<group>";
		};
/* End PBXVariantGroup section */

/* Begin XCBuildConfiguration section */
		FA5AD26D2829630800925A9F /* Debug */ = {
			isa = XCBuildConfiguration;
			buildSettings = {
				ALWAYS_SEARCH_USER_PATHS = NO;
				CLANG_ANALYZER_NONNULL = YES;
				CLANG_ANALYZER_NUMBER_OBJECT_CONVERSION = YES_AGGRESSIVE;
				CLANG_CXX_LANGUAGE_STANDARD = "gnu++17";
				CLANG_CXX_LIBRARY = "libc++";
				CLANG_ENABLE_MODULES = YES;
				CLANG_ENABLE_OBJC_ARC = YES;
				CLANG_ENABLE_OBJC_WEAK = YES;
				CLANG_WARN_BLOCK_CAPTURE_AUTORELEASING = YES;
				CLANG_WARN_BOOL_CONVERSION = YES;
				CLANG_WARN_COMMA = YES;
				CLANG_WARN_CONSTANT_CONVERSION = YES;
				CLANG_WARN_DEPRECATED_OBJC_IMPLEMENTATIONS = YES;
				CLANG_WARN_DIRECT_OBJC_ISA_USAGE = YES_ERROR;
				CLANG_WARN_DOCUMENTATION_COMMENTS = YES;
				CLANG_WARN_EMPTY_BODY = YES;
				CLANG_WARN_ENUM_CONVERSION = YES;
				CLANG_WARN_INFINITE_RECURSION = YES;
				CLANG_WARN_INT_CONVERSION = YES;
				CLANG_WARN_NON_LITERAL_NULL_CONVERSION = YES;
				CLANG_WARN_OBJC_IMPLICIT_RETAIN_SELF = YES;
				CLANG_WARN_OBJC_LITERAL_CONVERSION = YES;
				CLANG_WARN_OBJC_ROOT_CLASS = YES_ERROR;
				CLANG_WARN_QUOTED_INCLUDE_IN_FRAMEWORK_HEADER = YES;
				CLANG_WARN_RANGE_LOOP_ANALYSIS = YES;
				CLANG_WARN_STRICT_PROTOTYPES = YES;
				CLANG_WARN_SUSPICIOUS_MOVE = YES;
				CLANG_WARN_UNGUARDED_AVAILABILITY = YES_AGGRESSIVE;
				CLANG_WARN_UNREACHABLE_CODE = YES;
				CLANG_WARN__DUPLICATE_METHOD_MATCH = YES;
				COPY_PHASE_STRIP = NO;
				DEBUG_INFORMATION_FORMAT = dwarf;
				ENABLE_STRICT_OBJC_MSGSEND = YES;
				ENABLE_TESTABILITY = YES;
				GCC_C_LANGUAGE_STANDARD = gnu11;
				GCC_DYNAMIC_NO_PIC = NO;
				GCC_NO_COMMON_BLOCKS = YES;
				GCC_OPTIMIZATION_LEVEL = 0;
				GCC_PREPROCESSOR_DEFINITIONS = (
					"DEBUG=1",
					"$(inherited)",
				);
				GCC_WARN_64_TO_32_BIT_CONVERSION = YES;
				GCC_WARN_ABOUT_RETURN_TYPE = YES_ERROR;
				GCC_WARN_UNDECLARED_SELECTOR = YES;
				GCC_WARN_UNINITIALIZED_AUTOS = YES_AGGRESSIVE;
				GCC_WARN_UNUSED_FUNCTION = YES;
				GCC_WARN_UNUSED_VARIABLE = YES;
				IPHONEOS_DEPLOYMENT_TARGET = 15.0;
				MTL_ENABLE_DEBUG_INFO = INCLUDE_SOURCE;
				MTL_FAST_MATH = YES;
				ONLY_ACTIVE_ARCH = YES;
				SDKROOT = iphoneos;
				SWIFT_ACTIVE_COMPILATION_CONDITIONS = DEBUG;
				SWIFT_OPTIMIZATION_LEVEL = "-Onone";
			};
			name = Debug;
		};
		FA5AD26E2829630800925A9F /* Release */ = {
			isa = XCBuildConfiguration;
			buildSettings = {
				ALWAYS_SEARCH_USER_PATHS = NO;
				CLANG_ANALYZER_NONNULL = YES;
				CLANG_ANALYZER_NUMBER_OBJECT_CONVERSION = YES_AGGRESSIVE;
				CLANG_CXX_LANGUAGE_STANDARD = "gnu++17";
				CLANG_CXX_LIBRARY = "libc++";
				CLANG_ENABLE_MODULES = YES;
				CLANG_ENABLE_OBJC_ARC = YES;
				CLANG_ENABLE_OBJC_WEAK = YES;
				CLANG_WARN_BLOCK_CAPTURE_AUTORELEASING = YES;
				CLANG_WARN_BOOL_CONVERSION = YES;
				CLANG_WARN_COMMA = YES;
				CLANG_WARN_CONSTANT_CONVERSION = YES;
				CLANG_WARN_DEPRECATED_OBJC_IMPLEMENTATIONS = YES;
				CLANG_WARN_DIRECT_OBJC_ISA_USAGE = YES_ERROR;
				CLANG_WARN_DOCUMENTATION_COMMENTS = YES;
				CLANG_WARN_EMPTY_BODY = YES;
				CLANG_WARN_ENUM_CONVERSION = YES;
				CLANG_WARN_INFINITE_RECURSION = YES;
				CLANG_WARN_INT_CONVERSION = YES;
				CLANG_WARN_NON_LITERAL_NULL_CONVERSION = YES;
				CLANG_WARN_OBJC_IMPLICIT_RETAIN_SELF = YES;
				CLANG_WARN_OBJC_LITERAL_CONVERSION = YES;
				CLANG_WARN_OBJC_ROOT_CLASS = YES_ERROR;
				CLANG_WARN_QUOTED_INCLUDE_IN_FRAMEWORK_HEADER = YES;
				CLANG_WARN_RANGE_LOOP_ANALYSIS = YES;
				CLANG_WARN_STRICT_PROTOTYPES = YES;
				CLANG_WARN_SUSPICIOUS_MOVE = YES;
				CLANG_WARN_UNGUARDED_AVAILABILITY = YES_AGGRESSIVE;
				CLANG_WARN_UNREACHABLE_CODE = YES;
				CLANG_WARN__DUPLICATE_METHOD_MATCH = YES;
				COPY_PHASE_STRIP = NO;
				DEBUG_INFORMATION_FORMAT = "dwarf-with-dsym";
				ENABLE_NS_ASSERTIONS = NO;
				ENABLE_STRICT_OBJC_MSGSEND = YES;
				GCC_C_LANGUAGE_STANDARD = gnu11;
				GCC_NO_COMMON_BLOCKS = YES;
				GCC_WARN_64_TO_32_BIT_CONVERSION = YES;
				GCC_WARN_ABOUT_RETURN_TYPE = YES_ERROR;
				GCC_WARN_UNDECLARED_SELECTOR = YES;
				GCC_WARN_UNINITIALIZED_AUTOS = YES_AGGRESSIVE;
				GCC_WARN_UNUSED_FUNCTION = YES;
				GCC_WARN_UNUSED_VARIABLE = YES;
				IPHONEOS_DEPLOYMENT_TARGET = 15.0;
				MTL_ENABLE_DEBUG_INFO = NO;
				MTL_FAST_MATH = YES;
				SDKROOT = iphoneos;
				SWIFT_COMPILATION_MODE = wholemodule;
				SWIFT_OPTIMIZATION_LEVEL = "-O";
				VALIDATE_PRODUCT = YES;
			};
			name = Release;
		};
		FA5AD2702829630800925A9F /* Debug */ = {
			isa = XCBuildConfiguration;
			baseConfigurationReference = C1CF99EC7FF429598A455A87 /* Pods-MovieAPI.debug.xcconfig */;
			buildSettings = {
				ASSETCATALOG_COMPILER_APPICON_NAME = AppIcon;
				ASSETCATALOG_COMPILER_GLOBAL_ACCENT_COLOR_NAME = AccentColor;
				CODE_SIGN_STYLE = Automatic;
				CURRENT_PROJECT_VERSION = 1;
				GENERATE_INFOPLIST_FILE = YES;
				INFOPLIST_FILE = MovieAPI/Info.plist;
				INFOPLIST_KEY_UIApplicationSupportsIndirectInputEvents = YES;
				INFOPLIST_KEY_UILaunchStoryboardName = LaunchScreen;
				INFOPLIST_KEY_UIMainStoryboardFile = Main;
				INFOPLIST_KEY_UISupportedInterfaceOrientations_iPad = "UIInterfaceOrientationPortrait UIInterfaceOrientationPortraitUpsideDown UIInterfaceOrientationLandscapeLeft UIInterfaceOrientationLandscapeRight";
				INFOPLIST_KEY_UISupportedInterfaceOrientations_iPhone = "UIInterfaceOrientationPortrait UIInterfaceOrientationLandscapeLeft UIInterfaceOrientationLandscapeRight";
				LD_RUNPATH_SEARCH_PATHS = (
					"$(inherited)",
					"@executable_path/Frameworks",
				);
				MARKETING_VERSION = 1.0;
				PRODUCT_BUNDLE_IDENTIFIER = com.LimYoungSun.MovieAPI;
				PRODUCT_NAME = "$(TARGET_NAME)";
				SWIFT_EMIT_LOC_STRINGS = YES;
				SWIFT_VERSION = 5.0;
				TARGETED_DEVICE_FAMILY = "1,2";
			};
			name = Debug;
		};
		FA5AD2712829630800925A9F /* Release */ = {
			isa = XCBuildConfiguration;
			baseConfigurationReference = BAD014812D9DB6C859EE5F84 /* Pods-MovieAPI.release.xcconfig */;
			buildSettings = {
				ASSETCATALOG_COMPILER_APPICON_NAME = AppIcon;
				ASSETCATALOG_COMPILER_GLOBAL_ACCENT_COLOR_NAME = AccentColor;
				CODE_SIGN_STYLE = Automatic;
				CURRENT_PROJECT_VERSION = 1;
				GENERATE_INFOPLIST_FILE = YES;
				INFOPLIST_FILE = MovieAPI/Info.plist;
				INFOPLIST_KEY_UIApplicationSupportsIndirectInputEvents = YES;
				INFOPLIST_KEY_UILaunchStoryboardName = LaunchScreen;
				INFOPLIST_KEY_UIMainStoryboardFile = Main;
				INFOPLIST_KEY_UISupportedInterfaceOrientations_iPad = "UIInterfaceOrientationPortrait UIInterfaceOrientationPortraitUpsideDown UIInterfaceOrientationLandscapeLeft UIInterfaceOrientationLandscapeRight";
				INFOPLIST_KEY_UISupportedInterfaceOrientations_iPhone = "UIInterfaceOrientationPortrait UIInterfaceOrientationLandscapeLeft UIInterfaceOrientationLandscapeRight";
				LD_RUNPATH_SEARCH_PATHS = (
					"$(inherited)",
					"@executable_path/Frameworks",
				);
				MARKETING_VERSION = 1.0;
				PRODUCT_BUNDLE_IDENTIFIER = com.LimYoungSun.MovieAPI;
				PRODUCT_NAME = "$(TARGET_NAME)";
				SWIFT_EMIT_LOC_STRINGS = YES;
				SWIFT_VERSION = 5.0;
				TARGETED_DEVICE_FAMILY = "1,2";
			};
			name = Release;
		};
/* End XCBuildConfiguration section */

/* Begin XCConfigurationList section */
		FA5AD2562829630600925A9F /* Build configuration list for PBXProject "MovieAPI" */ = {
			isa = XCConfigurationList;
			buildConfigurations = (
				FA5AD26D2829630800925A9F /* Debug */,
				FA5AD26E2829630800925A9F /* Release */,
			);
			defaultConfigurationIsVisible = 0;
			defaultConfigurationName = Release;
		};
		FA5AD26F2829630800925A9F /* Build configuration list for PBXNativeTarget "MovieAPI" */ = {
			isa = XCConfigurationList;
			buildConfigurations = (
				FA5AD2702829630800925A9F /* Debug */,
				FA5AD2712829630800925A9F /* Release */,
			);
			defaultConfigurationIsVisible = 0;
			defaultConfigurationName = Release;
		};
/* End XCConfigurationList section */

/* Begin XCRemoteSwiftPackageReference section */
		FAD669C5282BD14F0009E2E0 /* XCRemoteSwiftPackageReference "Alamofire" */ = {
			isa = XCRemoteSwiftPackageReference;
			repositoryURL = "https://github.com/Alamofire/Alamofire.git";
			requirement = {
				kind = upToNextMajorVersion;
				minimumVersion = 5.0.0;
			};
		};
/* End XCRemoteSwiftPackageReference section */

/* Begin XCSwiftPackageProductDependency section */
		FAD669C6282BD14F0009E2E0 /* Alamofire */ = {
			isa = XCSwiftPackageProductDependency;
			package = FAD669C5282BD14F0009E2E0 /* XCRemoteSwiftPackageReference "Alamofire" */;
			productName = Alamofire;
		};
/* End XCSwiftPackageProductDependency section */
	};
	rootObject = FA5AD2532829630600925A9F /* Project object */;
}
